# THIS IS AN AUTOGENERATED FILE. DO NOT EDIT THIS FILE DIRECTLY.
# yarn lockfile v1


"@discoveryjs/json-ext@^0.5.0":
  version "0.5.7"
  resolved "https://registry.npmjs.org/@discoveryjs/json-ext/-/json-ext-0.5.7.tgz"
  integrity sha512-dBVuXR082gk3jsFp7Rd/JI4kytwGHecnCoTtXFb7DB6CNHp4rg5k1bhg0nWdLGLnOV71lmDzGQaLMy8iPLY0pw==

"@jridgewell/gen-mapping@^0.3.0":
  version "0.3.3"
  resolved "https://registry.npmjs.org/@jridgewell/gen-mapping/-/gen-mapping-0.3.3.tgz"
  integrity sha512-HLhSWOLRi875zjjMG/r+Nv0oCW8umGb0BgEhyX3dDX3egwZtB8PqLnjz3yedt8R5StBrzcg4aBpnh8UA9D1BoQ==
  dependencies:
    "@jridgewell/set-array" "^1.0.1"
    "@jridgewell/sourcemap-codec" "^1.4.10"
    "@jridgewell/trace-mapping" "^0.3.9"

"@jridgewell/resolve-uri@3.1.0":
  version "3.1.0"
  resolved "https://registry.npmjs.org/@jridgewell/resolve-uri/-/resolve-uri-3.1.0.tgz"
  integrity sha512-F2msla3tad+Mfht5cJq7LSXcdudKTWCVYUgw6pLFOOHSTtZlj6SWNYAp+AhuqLmWdBO2X5hPrLcu8cVP8fy28w==

"@jridgewell/set-array@^1.0.1":
  version "1.1.2"
  resolved "https://registry.npmjs.org/@jridgewell/set-array/-/set-array-1.1.2.tgz"
  integrity sha512-xnkseuNADM0gt2bs+BvhO0p78Mk762YnZdsuzFV018NoG1Sj1SCQvpSqa7XUaTam5vAGasABV9qXASMKnFMwMw==

"@jridgewell/source-map@^0.3.2":
  version "0.3.3"
  resolved "https://registry.npmjs.org/@jridgewell/source-map/-/source-map-0.3.3.tgz"
  integrity sha512-b+fsZXeLYi9fEULmfBrhxn4IrPlINf8fiNarzTof004v3lFdntdwa9PF7vFJqm3mg7s+ScJMxXaE3Acp1irZcg==
  dependencies:
    "@jridgewell/gen-mapping" "^0.3.0"
    "@jridgewell/trace-mapping" "^0.3.9"

"@jridgewell/sourcemap-codec@^1.4.10":
  version "1.4.15"
  resolved "https://registry.npmjs.org/@jridgewell/sourcemap-codec/-/sourcemap-codec-1.4.15.tgz"
  integrity sha512-eF2rxCRulEKXHTRiDrDy6erMYWqNw4LPdQ8UQA4huuxaQsVeRPFl2oM8oDGxMFhJUWZf9McpLtJasDDZb/Bpeg==

"@jridgewell/sourcemap-codec@1.4.14":
  version "1.4.14"
  resolved "https://registry.npmjs.org/@jridgewell/sourcemap-codec/-/sourcemap-codec-1.4.14.tgz"
  integrity sha512-XPSJHWmi394fuUuzDnGz1wiKqWfo1yXecHQMRf2l6hztTO+nPru658AyDngaBe7isIxEkRsPR3FZh+s7iVa4Uw==

"@jridgewell/trace-mapping@^0.3.17", "@jridgewell/trace-mapping@^0.3.9":
  version "0.3.18"
  resolved "https://registry.npmjs.org/@jridgewell/trace-mapping/-/trace-mapping-0.3.18.tgz"
  integrity sha512-w+niJYzMHdd7USdiH2U6869nqhD2nbfZXND5Yp93qIbEmnDNk7PD48o+YchRVpzMU7M6jVCbenTR7PA1FLQ9pA==
  dependencies:
    "@jridgewell/resolve-uri" "3.1.0"
    "@jridgewell/sourcemap-codec" "1.4.14"

"@msgpack/msgpack@^2.8.0":
  version "2.8.0"
  resolved "https://registry.npmjs.org/@msgpack/msgpack/-/msgpack-2.8.0.tgz"
  integrity sha512-h9u4u/jiIRKbq25PM+zymTyW6bhTzELvOoUd+AvYriWOAKpLGnIamaET3pnHYoI5iYphAHBI4ayx0MehR+VVPQ==

"@types/eslint-scope@^3.7.3":
  version "3.7.4"
  resolved "https://registry.npmjs.org/@types/eslint-scope/-/eslint-scope-3.7.4.tgz"
  integrity sha512-9K4zoImiZc3HlIp6AVUDE4CWYx22a+lhSZMYNpbjW04+YF0KWj4pJXnEMjdnFTiQibFFmElcsasJXDbdI/EPhA==
  dependencies:
    "@types/eslint" "*"
    "@types/estree" "*"

"@types/eslint@*":
  version "8.40.0"
  resolved "https://registry.npmjs.org/@types/eslint/-/eslint-8.40.0.tgz"
  integrity sha512-nbq2mvc/tBrK9zQQuItvjJl++GTN5j06DaPtp3hZCpngmG6Q3xoyEmd0TwZI0gAy/G1X0zhGBbr2imsGFdFV0g==
  dependencies:
    "@types/estree" "*"
    "@types/json-schema" "*"

"@types/estree@*", "@types/estree@^1.0.0":
  version "1.0.1"
  resolved "https://registry.npmjs.org/@types/estree/-/estree-1.0.1.tgz"
  integrity sha512-LG4opVs2ANWZ1TJoKc937iMmNstM/d0ae1vNbnBvBhqCSezgVUOzcLCqbI5elV8Vy6WKwKjaqR+zO9VKirBBCA==

"@types/json-schema@*", "@types/json-schema@^7.0.8":
  version "7.0.11"
  resolved "https://registry.npmjs.org/@types/json-schema/-/json-schema-7.0.11.tgz"
  integrity sha512-wOuvG1SN4Us4rez+tylwwwCV1psiNVOkJeM3AUWUNWg/jDQY2+HE/444y5gc+jBmRqASOm2Oeh5c1axHobwRKQ==

"@types/node@*":
  version "20.2.3"
  resolved "https://registry.npmjs.org/@types/node/-/node-20.2.3.tgz"
  integrity sha512-pg9d0yC4rVNWQzX8U7xb4olIOFuuVL9za3bzMT2pu2SU0SNEi66i2qrvhE2qt0HvkhuCaWJu7pLNOt/Pj8BIrw==

"@webassemblyjs/ast@^1.11.5", "@webassemblyjs/ast@1.11.6":
  version "1.11.6"
  resolved "https://registry.npmjs.org/@webassemblyjs/ast/-/ast-1.11.6.tgz"
  integrity sha512-IN1xI7PwOvLPgjcf180gC1bqn3q/QaOCwYUahIOhbYUu8KA/3tw2RT/T0Gidi1l7Hhj5D/INhJxiICObqpMu4Q==
  dependencies:
    "@webassemblyjs/helper-numbers" "1.11.6"
    "@webassemblyjs/helper-wasm-bytecode" "1.11.6"

"@webassemblyjs/floating-point-hex-parser@1.11.6":
  version "1.11.6"
  resolved "https://registry.npmjs.org/@webassemblyjs/floating-point-hex-parser/-/floating-point-hex-parser-1.11.6.tgz"
  integrity sha512-ejAj9hfRJ2XMsNHk/v6Fu2dGS+i4UaXBXGemOfQ/JfQ6mdQg/WXtwleQRLLS4OvfDhv8rYnVwH27YJLMyYsxhw==

"@webassemblyjs/helper-api-error@1.11.6":
  version "1.11.6"
  resolved "https://registry.npmjs.org/@webassemblyjs/helper-api-error/-/helper-api-error-1.11.6.tgz"
  integrity sha512-o0YkoP4pVu4rN8aTJgAyj9hC2Sv5UlkzCHhxqWj8butaLvnpdc2jOwh4ewE6CX0txSfLn/UYaV/pheS2Txg//Q==

"@webassemblyjs/helper-buffer@1.11.6":
  version "1.11.6"
  resolved "https://registry.npmjs.org/@webassemblyjs/helper-buffer/-/helper-buffer-1.11.6.tgz"
  integrity sha512-z3nFzdcp1mb8nEOFFk8DrYLpHvhKC3grJD2ardfKOzmbmJvEf/tPIqCY+sNcwZIY8ZD7IkB2l7/pqhUhqm7hLA==

"@webassemblyjs/helper-numbers@1.11.6":
  version "1.11.6"
  resolved "https://registry.npmjs.org/@webassemblyjs/helper-numbers/-/helper-numbers-1.11.6.tgz"
  integrity sha512-vUIhZ8LZoIWHBohiEObxVm6hwP034jwmc9kuq5GdHZH0wiLVLIPcMCdpJzG4C11cHoQ25TFIQj9kaVADVX7N3g==
  dependencies:
    "@webassemblyjs/floating-point-hex-parser" "1.11.6"
    "@webassemblyjs/helper-api-error" "1.11.6"
    "@xtuc/long" "4.2.2"

"@webassemblyjs/helper-wasm-bytecode@1.11.6":
  version "1.11.6"
  resolved "https://registry.npmjs.org/@webassemblyjs/helper-wasm-bytecode/-/helper-wasm-bytecode-1.11.6.tgz"
  integrity sha512-sFFHKwcmBprO9e7Icf0+gddyWYDViL8bpPjJJl0WHxCdETktXdmtWLGVzoHbqUcY4Be1LkNfwTmXOJUFZYSJdA==

"@webassemblyjs/helper-wasm-section@1.11.6":
  version "1.11.6"
  resolved "https://registry.npmjs.org/@webassemblyjs/helper-wasm-section/-/helper-wasm-section-1.11.6.tgz"
  integrity sha512-LPpZbSOwTpEC2cgn4hTydySy1Ke+XEu+ETXuoyvuyezHO3Kjdu90KK95Sh9xTbmjrCsUwvWwCOQQNta37VrS9g==
  dependencies:
    "@webassemblyjs/ast" "1.11.6"
    "@webassemblyjs/helper-buffer" "1.11.6"
    "@webassemblyjs/helper-wasm-bytecode" "1.11.6"
    "@webassemblyjs/wasm-gen" "1.11.6"

"@webassemblyjs/ieee754@1.11.6":
  version "1.11.6"
  resolved "https://registry.npmjs.org/@webassemblyjs/ieee754/-/ieee754-1.11.6.tgz"
  integrity sha512-LM4p2csPNvbij6U1f19v6WR56QZ8JcHg3QIJTlSwzFcmx6WSORicYj6I63f9yU1kEUtrpG+kjkiIAkevHpDXrg==
  dependencies:
    "@xtuc/ieee754" "^1.2.0"

"@webassemblyjs/leb128@1.11.6":
  version "1.11.6"
  resolved "https://registry.npmjs.org/@webassemblyjs/leb128/-/leb128-1.11.6.tgz"
  integrity sha512-m7a0FhE67DQXgouf1tbN5XQcdWoNgaAuoULHIfGFIEVKA6tu/edls6XnIlkmS6FrXAquJRPni3ZZKjw6FSPjPQ==
  dependencies:
    "@xtuc/long" "4.2.2"

"@webassemblyjs/utf8@1.11.6":
  version "1.11.6"
  resolved "https://registry.npmjs.org/@webassemblyjs/utf8/-/utf8-1.11.6.tgz"
  integrity sha512-vtXf2wTQ3+up9Zsg8sa2yWiQpzSsMyXj0qViVP6xKGCUT8p8YJ6HqI7l5eCnWx1T/FYdsv07HQs2wTFbbof/RA==

"@webassemblyjs/wasm-edit@^1.11.5":
  version "1.11.6"
  resolved "https://registry.npmjs.org/@webassemblyjs/wasm-edit/-/wasm-edit-1.11.6.tgz"
  integrity sha512-Ybn2I6fnfIGuCR+Faaz7YcvtBKxvoLV3Lebn1tM4o/IAJzmi9AWYIPWpyBfU8cC+JxAO57bk4+zdsTjJR+VTOw==
  dependencies:
    "@webassemblyjs/ast" "1.11.6"
    "@webassemblyjs/helper-buffer" "1.11.6"
    "@webassemblyjs/helper-wasm-bytecode" "1.11.6"
    "@webassemblyjs/helper-wasm-section" "1.11.6"
    "@webassemblyjs/wasm-gen" "1.11.6"
    "@webassemblyjs/wasm-opt" "1.11.6"
    "@webassemblyjs/wasm-parser" "1.11.6"
    "@webassemblyjs/wast-printer" "1.11.6"

"@webassemblyjs/wasm-gen@1.11.6":
  version "1.11.6"
  resolved "https://registry.npmjs.org/@webassemblyjs/wasm-gen/-/wasm-gen-1.11.6.tgz"
  integrity sha512-3XOqkZP/y6B4F0PBAXvI1/bky7GryoogUtfwExeP/v7Nzwo1QLcq5oQmpKlftZLbT+ERUOAZVQjuNVak6UXjPA==
  dependencies:
    "@webassemblyjs/ast" "1.11.6"
    "@webassemblyjs/helper-wasm-bytecode" "1.11.6"
    "@webassemblyjs/ieee754" "1.11.6"
    "@webassemblyjs/leb128" "1.11.6"
    "@webassemblyjs/utf8" "1.11.6"

"@webassemblyjs/wasm-opt@1.11.6":
  version "1.11.6"
  resolved "https://registry.npmjs.org/@webassemblyjs/wasm-opt/-/wasm-opt-1.11.6.tgz"
  integrity sha512-cOrKuLRE7PCe6AsOVl7WasYf3wbSo4CeOk6PkrjS7g57MFfVUF9u6ysQBBODX0LdgSvQqRiGz3CXvIDKcPNy4g==
  dependencies:
    "@webassemblyjs/ast" "1.11.6"
    "@webassemblyjs/helper-buffer" "1.11.6"
    "@webassemblyjs/wasm-gen" "1.11.6"
    "@webassemblyjs/wasm-parser" "1.11.6"

"@webassemblyjs/wasm-parser@^1.11.5", "@webassemblyjs/wasm-parser@1.11.6":
  version "1.11.6"
  resolved "https://registry.npmjs.org/@webassemblyjs/wasm-parser/-/wasm-parser-1.11.6.tgz"
  integrity sha512-6ZwPeGzMJM3Dqp3hCsLgESxBGtT/OeCvCZ4TA1JUPYgmhAx38tTPR9JaKy0S5H3evQpO/h2uWs2j6Yc/fjkpTQ==
  dependencies:
    "@webassemblyjs/ast" "1.11.6"
    "@webassemblyjs/helper-api-error" "1.11.6"
    "@webassemblyjs/helper-wasm-bytecode" "1.11.6"
    "@webassemblyjs/ieee754" "1.11.6"
    "@webassemblyjs/leb128" "1.11.6"
    "@webassemblyjs/utf8" "1.11.6"

"@webassemblyjs/wast-printer@1.11.6":
  version "1.11.6"
  resolved "https://registry.npmjs.org/@webassemblyjs/wast-printer/-/wast-printer-1.11.6.tgz"
  integrity sha512-JM7AhRcE+yW2GWYaKeHL5vt4xqee5N2WcezptmgyhNS+ScggqcT1OtXykhAb13Sn5Yas0j2uv9tHgrjwvzAP4A==
  dependencies:
    "@webassemblyjs/ast" "1.11.6"
    "@xtuc/long" "4.2.2"

"@webpack-cli/configtest@^2.1.0":
  version "2.1.0"
  resolved "https://registry.npmjs.org/@webpack-cli/configtest/-/configtest-2.1.0.tgz"
  integrity sha512-K/vuv72vpfSEZoo5KIU0a2FsEoYdW0DUMtMpB5X3LlUwshetMZRZRxB7sCsVji/lFaSxtQQ3aM9O4eMolXkU9w==

"@webpack-cli/info@^2.0.1":
  version "2.0.1"
  resolved "https://registry.npmjs.org/@webpack-cli/info/-/info-2.0.1.tgz"
  integrity sha512-fE1UEWTwsAxRhrJNikE7v4EotYflkEhBL7EbajfkPlf6E37/2QshOy/D48Mw8G5XMFlQtS6YV42vtbG9zBpIQA==

"@webpack-cli/serve@^2.0.4":
  version "2.0.4"
  resolved "https://registry.npmjs.org/@webpack-cli/serve/-/serve-2.0.4.tgz"
  integrity sha512-0xRgjgDLdz6G7+vvDLlaRpFatJaJ69uTalZLRSMX5B3VUrDmXcrVA3+6fXXQgmYz7bY9AAgs348XQdmtLsK41A==

"@xtuc/ieee754@^1.2.0":
  version "1.2.0"
  resolved "https://registry.npmjs.org/@xtuc/ieee754/-/ieee754-1.2.0.tgz"
  integrity sha512-DX8nKgqcGwsc0eJSqYt5lwP4DH5FlHnmuWWBRy7X0NcaGR0ZtuyeESgMwTYVEtxmsNGY+qit4QYT/MIYTOTPeA==

"@xtuc/long@4.2.2":
  version "4.2.2"
  resolved "https://registry.npmjs.org/@xtuc/long/-/long-4.2.2.tgz"
  integrity sha512-NuHqBY1PB/D8xU6s/thBgOAiAP7HOYDQ32+BFZILJ8ivkUkAHQnWfn6WhL79Owj1qmUnoN/YPhktdIoucipkAQ==

acorn-import-assertions@^1.7.6:
  version "1.9.0"
  resolved "https://registry.npmjs.org/acorn-import-assertions/-/acorn-import-assertions-1.9.0.tgz"
  integrity sha512-cmMwop9x+8KFhxvKrKfPYmN6/pKTYYHBqLa0DfvVZcKMJWNyWLnaqND7dx/qn66R7ewM1UX5XMaDVP5wlVTaVA==

acorn@^8, acorn@^8.5.0, acorn@^8.7.1:
  version "8.8.2"
  resolved "https://registry.npmjs.org/acorn/-/acorn-8.8.2.tgz"
  integrity sha512-xjIYgE8HBrkpd/sJqOGNspf8uHG+NOHGOw6a/Urj8taM2EXfdNAH2oFcPeIFfsv3+kz/mJrS5VuMqbNLjCa2vw==

ajv-keywords@^3.5.2:
  version "3.5.2"
  resolved "https://registry.npmjs.org/ajv-keywords/-/ajv-keywords-3.5.2.tgz"
  integrity sha512-5p6WTN0DdTGVQk6VjcEju19IgaHudalcfabD7yhDGeA6bcQnmL+CpveLJq/3hvfwd1aof6L386Ougkx6RfyMIQ==

ajv@^6.12.5, ajv@^6.9.1:
  version "6.12.6"
  resolved "https://registry.npmjs.org/ajv/-/ajv-6.12.6.tgz"
  integrity sha512-j3fVLgvTo527anyYyJOGTYJbG+vnnQYvE0m5mmkc1TK+nxAppkCLMIL0aZ4dblVCNoGShhm+kzE4ZUykBoMg4g==
  dependencies:
    fast-deep-equal "^3.1.1"
    fast-json-stable-stringify "^2.0.0"
    json-schema-traverse "^0.4.1"
    uri-js "^4.2.2"

browserslist@^4.14.5, "browserslist@>= 4.21.0":
  version "4.21.5"
  resolved "https://registry.npmjs.org/browserslist/-/browserslist-4.21.5.tgz"
  integrity sha512-tUkiguQGW7S3IhB7N+c2MV/HZPSCPAAiYBZXLsBhFB/PCy6ZKKsZrmBayHV9fdGV/ARIfJ14NkxKzRDjvp7L6w==
  dependencies:
    caniuse-lite "^1.0.30001449"
    electron-to-chromium "^1.4.284"
    node-releases "^2.0.8"
    update-browserslist-db "^1.0.10"

buffer-from@^1.0.0:
  version "1.1.2"
  resolved "https://registry.npmjs.org/buffer-from/-/buffer-from-1.1.2.tgz"
  integrity sha512-E+XQCRwSbaaiChtv6k6Dwgc+bx+Bs6vuKJHHl5kox/BaKbhiXzqQOwK4cO22yElGp2OCmjwVhT3HmxgyPGnJfQ==

caniuse-lite@^1.0.30001449:
  version "1.0.30001489"
  resolved "https://registry.npmjs.org/caniuse-lite/-/caniuse-lite-1.0.30001489.tgz"
  integrity sha512-x1mgZEXK8jHIfAxm+xgdpHpk50IN3z3q3zP261/WS+uvePxW8izXuCu6AHz0lkuYTlATDehiZ/tNyYBdSQsOUQ==

ccapture.js@aceslowman/ccapture.js#npm-fix:
  version "1.0.8"
  resolved "git+ssh://git@github.com/aceslowman/ccapture.js.git#98b8046970c2bfbb25f749e732f196e15c3486fd"

chalk@^5.0.1:
  version "5.2.0"
  resolved "https://registry.npmjs.org/chalk/-/chalk-5.2.0.tgz"
  integrity sha512-ree3Gqw/nazQAPuJJEy+avdl7QfZMcUvmHIKgEZkGL+xOBzRvup5Hxo6LHuMceSxOabuJLJm5Yp/92R9eMmMvA==

chrome-trace-event@^1.0.2:
  version "1.0.3"
  resolved "https://registry.npmjs.org/chrome-trace-event/-/chrome-trace-event-1.0.3.tgz"
  integrity sha512-p3KULyQg4S7NIHixdwbGX+nFHkoBiA4YQmyWtjb8XngSKV124nJmRysgAeujbUVb15vh+RvFUfCPqU7rXk+hZg==

clone-deep@^4.0.1:
  version "4.0.1"
  resolved "https://registry.npmjs.org/clone-deep/-/clone-deep-4.0.1.tgz"
  integrity sha512-neHB9xuzh/wk0dIHweyAXv2aPGZIVk3pLMe+/RNzINf17fe0OG96QroktYAUm7SM1PBnzTabaLboqqxDyMU+SQ==
  dependencies:
    is-plain-object "^2.0.4"
    kind-of "^6.0.2"
    shallow-clone "^3.0.0"

colorette@^2.0.14:
  version "2.0.20"
  resolved "https://registry.npmjs.org/colorette/-/colorette-2.0.20.tgz"
  integrity sha512-IfEDxwoWIjkeXL1eXcDiow4UbKjhLdq6/EuSVR9GMN7KVH3r9gQ83e73hsz1Nd1T3ijd5xv1wcWRYO+D6kCI2w==

commander@^10.0.1:
  version "10.0.1"
  resolved "https://registry.npmjs.org/commander/-/commander-10.0.1.tgz"
  integrity sha512-y4Mg2tXshplEbSGzx7amzPwKKOCGuoSRP/CjEdwwk0FOGlUbq6lKuoyDZTNZkmxHdJtp54hdfY/JUrdL7Xfdug==

commander@^2.20.0:
  version "2.20.3"
  resolved "https://registry.npmjs.org/commander/-/commander-2.20.3.tgz"
  integrity sha512-GpVkmM8vF2vQUkj2LvZmD35JxeJOLCwJ9cUkugyk2nuhbv3+mJvpLYYt+0+USMxE+oj+ey/lJEnhZw75x/OMcQ==

cross-spawn@^7.0.3:
  version "7.0.3"
  resolved "https://registry.npmjs.org/cross-spawn/-/cross-spawn-7.0.3.tgz"
  integrity sha512-iRDPJKUPVEND7dHPO8rkbOnPpyDygcDFtWjpeWNCgy8WP2rXcxXL8TskReQl6OrB2G7+UJrags1q15Fudc7G6w==
  dependencies:
    path-key "^3.1.0"
    shebang-command "^2.0.0"
    which "^2.0.1"

dat.gui@^0.7.9:
  version "0.7.9"
  resolved "https://registry.npmjs.org/dat.gui/-/dat.gui-0.7.9.tgz"
  integrity sha512-sCNc1OHobc+Erc1HqiswYgHdVNpSJUlk/Hz8vzOCsER7rl+oF/4+v8GXFUyCgtXpoCX6+bnmg07DedLvBLwYKQ==

debug@^3.2.6:
  version "3.2.7"
  resolved "https://registry.npmjs.org/debug/-/debug-3.2.7.tgz"
  integrity sha512-CFjzYYAi4ThfiQvizrFQevTTXHtnCqWfe7x1AhgEscTz6ZbLbfoLRLPugTQyBth6f8ZERVUSyWHFD/7Wu4t1XQ==
  dependencies:
    ms "^2.1.1"

electron-to-chromium@^1.4.284:
  version "1.4.404"
  resolved "https://registry.npmjs.org/electron-to-chromium/-/electron-to-chromium-1.4.404.tgz"
  integrity sha512-te57sWvQdpxmyd1GiswaodKdXdPgn9cN4ht8JlNa04QgtrfnUdWEo1261rY2vaC6TKaiHn0E7QerJWPKFCvMVw==

enhanced-resolve@^5.14.0:
  version "5.14.0"
  resolved "https://registry.npmjs.org/enhanced-resolve/-/enhanced-resolve-5.14.0.tgz"
  integrity sha512-+DCows0XNwLDcUhbFJPdlQEVnT2zXlCv7hPxemTz86/O+B/hCQ+mb7ydkPKiflpVraqLPCAfu7lDy+hBXueojw==
  dependencies:
    graceful-fs "^4.2.4"
    tapable "^2.2.0"

envinfo@^7.7.3:
  version "7.8.1"
  resolved "https://registry.npmjs.org/envinfo/-/envinfo-7.8.1.tgz"
  integrity sha512-/o+BXHmB7ocbHEAs6F2EnG0ogybVVUdkRunTT2glZU9XAaGmhqskrvKwqXuDfNjEO0LZKWdejEEpnq8aM0tOaw==

es-module-lexer@^1.2.1:
  version "1.2.1"
  resolved "https://registry.npmjs.org/es-module-lexer/-/es-module-lexer-1.2.1.tgz"
  integrity sha512-9978wrXM50Y4rTMmW5kXIC09ZdXQZqkE4mxhwkd8VbzsGkXGPgV4zWuqQJgCEzYngdo2dYDa0l8xhX4fkSwJSg==

escalade@^3.1.1:
  version "3.1.1"
  resolved "https://registry.npmjs.org/escalade/-/escalade-3.1.1.tgz"
  integrity sha512-k0er2gUkLf8O0zKJiAhmkTnJlTvINGv7ygDNPbeIsX/TJjGJZHuh9B2UxbsaEkmlEo9MfhrSzmhIlhRlI2GXnw==

eslint-scope@5.1.1:
  version "5.1.1"
  resolved "https://registry.npmjs.org/eslint-scope/-/eslint-scope-5.1.1.tgz"
  integrity sha512-2NxwbF/hZ0KpepYN0cNbo+FN6XoK7GaHlQhgx/hIZl6Va0bF45RQOOwhLIy8lQDbuCiadSLCBnH2CFYquit5bw==
  dependencies:
    esrecurse "^4.3.0"
    estraverse "^4.1.1"

esrecurse@^4.3.0:
  version "4.3.0"
  resolved "https://registry.npmjs.org/esrecurse/-/esrecurse-4.3.0.tgz"
  integrity sha512-KmfKL3b6G+RXvP8N1vr3Tq1kL/oCFgn2NYXEtqP8/L3pKapUA4G8cFVaoF3SU323CD4XypR/ffioHmkti6/Tag==
  dependencies:
    estraverse "^5.2.0"

estraverse@^4.1.1:
  version "4.3.0"
  resolved "https://registry.npmjs.org/estraverse/-/estraverse-4.3.0.tgz"
  integrity sha512-39nnKffWz8xN1BU/2c79n9nB9HDzo0niYUqx6xyqUnyoAnQyyWpOTdZEeiCch8BBu515t4wp9ZmgVfVhn9EBpw==

estraverse@^5.2.0:
  version "5.3.0"
  resolved "https://registry.npmjs.org/estraverse/-/estraverse-5.3.0.tgz"
  integrity sha512-MMdARuVEQziNTeJD8DgMqmhwR11BRQ/cBP+pLtYdSTnf3MIO8fFeiINEbX36ZdNlfU/7A9f3gUw49B3oQsvwBA==

events@^3.2.0:
  version "3.3.0"
  resolved "https://registry.npmjs.org/events/-/events-3.3.0.tgz"
  integrity sha512-mQw+2fkQbALzQ7V0MY0IqdnXNOeTtP4r0lN9z7AAawCXgqea7bDii20AYrIBrFd/Hx0M2Ocz6S111CaFkUcb0Q==

fast-deep-equal@^3.1.1:
  version "3.1.3"
  resolved "https://registry.npmjs.org/fast-deep-equal/-/fast-deep-equal-3.1.3.tgz"
  integrity sha512-f3qQ9oQy9j2AhBe/H9VC91wLmKBCCU/gDOnKNAYG5hswO7BLKj09Hc5HYNz9cGI++xlpDCIgDaitVs03ATR84Q==

fast-json-stable-stringify@^2.0.0:
  version "2.1.0"
  resolved "https://registry.npmjs.org/fast-json-stable-stringify/-/fast-json-stable-stringify-2.1.0.tgz"
  integrity sha512-lhd/wF+Lk98HZoTCtlVraHtfh5XYijIjalXck7saUtuanSDyLMxnHhSXEDJqHxD7msR8D0uCmqlkwjCV8xvwHw==

fastest-levenshtein@^1.0.12:
  version "1.0.16"
  resolved "https://registry.npmjs.org/fastest-levenshtein/-/fastest-levenshtein-1.0.16.tgz"
  integrity sha512-eRnCtTTtGZFpQCwhJiUOuxPQWRXVKYDn0b2PeHfXL6/Zi53SLAzAHfVhVWK2AryC/WH05kGfxhFIPvTF0SXQzg==

find-up@^4.0.0:
  version "4.1.0"
  resolved "https://registry.npmjs.org/find-up/-/find-up-4.1.0.tgz"
  integrity sha512-PpOwAdQ/YlXQ2vj8a3h8IipDuYRi3wceVQQGYWxNINccq40Anw7BlsEXCMbt1Zt+OLA6Fq9suIpIWD0OsnISlw==
  dependencies:
    locate-path "^5.0.0"
    path-exists "^4.0.0"

function-bind@^1.1.1:
  version "1.1.1"
  resolved "https://registry.npmjs.org/function-bind/-/function-bind-1.1.1.tgz"
  integrity sha512-yIovAzMX49sF8Yl58fSCWJ5svSLuaibPxXQJFLmBObTuCr0Mf1KiPopGM9NiFjiYBCbfaa2Fh6breQ6ANVTI0A==

get-npm-tarball-url@^2.0.1:
  version "2.0.3"
  resolved "https://registry.npmjs.org/get-npm-tarball-url/-/get-npm-tarball-url-2.0.3.tgz"
  integrity sha512-R/PW6RqyaBQNWYaSyfrh54/qtcnOp22FHCCiRhSSZj0FP3KQWCsxxt0DzIdVTbwTqe9CtQfvl/FPD4UIPt4pqw==

glob-to-regexp@^0.4.1:
  version "0.4.1"
  resolved "https://registry.npmjs.org/glob-to-regexp/-/glob-to-regexp-0.4.1.tgz"
  integrity sha512-lkX1HJXwyMcprw/5YUZc2s7DrpAiHB21/V+E1rHUrVNokkvB6bqMzT0VfV6/86ZNabt1k14YOIaT7nDvOX3Iiw==

graceful-fs@^4.1.2, graceful-fs@^4.2.4, graceful-fs@^4.2.9:
  version "4.2.11"
  resolved "https://registry.npmjs.org/graceful-fs/-/graceful-fs-4.2.11.tgz"
  integrity sha512-RbJ5/jmFcNNCcDV5o9eTnBLJ/HszWV0P73bc+Ff4nS/rJj+YaS6IGyiOL0VoBYX+l1Wrl3k63h/KrH+nhJ0XvQ==

has-flag@^4.0.0:
  version "4.0.0"
  resolved "https://registry.npmjs.org/has-flag/-/has-flag-4.0.0.tgz"
  integrity sha512-EykJT/Q1KjTWctppgIAgfSO0tKVuZUjhgMr17kqTumMl6Afv3EISleU7qZUzoXDFTAHTDC4NOoG/ZxU3EvlMPQ==

has@^1.0.3:
  version "1.0.3"
  resolved "https://registry.npmjs.org/has/-/has-1.0.3.tgz"
  integrity sha512-f2dvO0VU6Oej7RkWJGrehjbzMAjFp5/VKPp5tTpWIV4JHHZK1/BxbFRtf/siA2SWTe09caDmVtYYzWEIbBS4zw==
  dependencies:
    function-bind "^1.1.1"

iconv-lite@^0.4.4:
  version "0.4.24"
  resolved "https://registry.npmjs.org/iconv-lite/-/iconv-lite-0.4.24.tgz"
  integrity sha512-v3MXnZAcvnywkTUEZomIActle7RXXeedOR31wwl7VlyoXO4Qi9arvSenNQWne1TcRwhCL1HwLI21bEqdpj8/rA==
  dependencies:
    safer-buffer ">= 2.1.2 < 3"

import-local@^3.0.2:
  version "3.1.0"
  resolved "https://registry.npmjs.org/import-local/-/import-local-3.1.0.tgz"
  integrity sha512-ASB07uLtnDs1o6EHjKpX34BKYDSqnFerfTOJL2HvMqF70LnxpjkzDB8J44oT9pu4AMPkQwf8jl6szgvNd2tRIg==
  dependencies:
    pkg-dir "^4.2.0"
    resolve-cwd "^3.0.0"

interpret@^3.1.1:
  version "3.1.1"
  resolved "https://registry.npmjs.org/interpret/-/interpret-3.1.1.tgz"
  integrity sha512-6xwYfHbajpoF0xLW+iwLkhwgvLoZDfjYfoFNu8ftMoXINzwuymNLd9u/KmwtdT2GbR+/Cz66otEGEVVUHX9QLQ==

is-core-module@^2.11.0:
  version "2.12.1"
  resolved "https://registry.npmjs.org/is-core-module/-/is-core-module-2.12.1.tgz"
  integrity sha512-Q4ZuBAe2FUsKtyQJoQHlvP8OvBERxO3jEmy1I7hcRXcJBGGHFh/aJBswbXuS9sgrDH2QUO8ilkwNPHvHMd8clg==
  dependencies:
    has "^1.0.3"

is-plain-object@^2.0.4:
  version "2.0.4"
  resolved "https://registry.npmjs.org/is-plain-object/-/is-plain-object-2.0.4.tgz"
  integrity sha512-h5PpgXkWitc38BBMYawTYMWJHFZJVnBquFE57xFpjB8pJFiF6gZ+bU+WyI/yqXiFR5mdLsgYNaPe8uao6Uv9Og==
  dependencies:
    isobject "^3.0.1"

isexe@^2.0.0:
  version "2.0.0"
  resolved "https://registry.npmjs.org/isexe/-/isexe-2.0.0.tgz"
  integrity sha512-RHxMLp9lnKHGHRng9QFhRCMbYAcVpn69smSGcq3f36xjgVVWThj4qqLbTLlq7Ssj8B+fIQ1EuCEGI2lKsyQeIw==

isobject@^3.0.1:
  version "3.0.1"
  resolved "https://registry.npmjs.org/isobject/-/isobject-3.0.1.tgz"
  integrity sha512-WhB9zCku7EGTj/HQQRz5aUQEUeoQZH2bWcltRErOpymJ4boYE6wL9Tbr23krRPSZ+C5zqNSrSw+Cc7sZZ4b7vg==

jest-worker@^27.4.5:
  version "27.5.1"
  resolved "https://registry.npmjs.org/jest-worker/-/jest-worker-27.5.1.tgz"
  integrity sha512-7vuh85V5cdDofPyxn58nrPjBktZo0u9x1g8WtjQol+jZDaE+fhN+cIvTj11GndBnMnyfrUOG1sZQxCdjKh+DKg==
  dependencies:
    "@types/node" "*"
    merge-stream "^2.0.0"
    supports-color "^8.0.0"

json-parse-even-better-errors@^2.3.1:
  version "2.3.1"
  resolved "https://registry.npmjs.org/json-parse-even-better-errors/-/json-parse-even-better-errors-2.3.1.tgz"
  integrity sha512-xyFwyhro/JEof6Ghe2iz2NcXoj2sloNsWr/XsERDK/oiPCfaNhl5ONfp+jQdAZRQQ0IJWNzH9zIZF7li91kh2w==

json-schema-traverse@^0.4.1:
  version "0.4.1"
  resolved "https://registry.npmjs.org/json-schema-traverse/-/json-schema-traverse-0.4.1.tgz"
  integrity sha512-xbbCH5dCYU5T8LcEhhuh7HJ88HXuW3qsI3Y0zOZFKfZEHcpWiHU/Jxzk629Brsab/mMiHQti9wMP+845RPe3Vg==

kind-of@^6.0.2:
  version "6.0.3"
  resolved "https://registry.npmjs.org/kind-of/-/kind-of-6.0.3.tgz"
  integrity sha512-dcS1ul+9tmeD95T+x28/ehLgd9mENa3LsvDTtzm3vyBEO7RPptvAD+t44WVXaUjTBRcrpFeFlC8WCruUR456hw==

loader-runner@^4.2.0:
  version "4.3.0"
  resolved "https://registry.npmjs.org/loader-runner/-/loader-runner-4.3.0.tgz"
  integrity sha512-3R/1M+yS3j5ou80Me59j7F9IMs4PXs3VqRrm0TU3AbKPxlmpoY1TNscJV/oGJXo8qCatFGTfDbY6W6ipGOYXfg==

locate-path@^5.0.0:
  version "5.0.0"
  resolved "https://registry.npmjs.org/locate-path/-/locate-path-5.0.0.tgz"
  integrity sha512-t7hw9pI+WvuwNJXwk5zVHpyhIqzg2qTlklJOf0mVxGSbe3Fp2VieZcduNYjaLDoy6p9uGpQEGWG87WpMKlNq8g==
  dependencies:
    p-locate "^4.1.0"

lodash@^4.17.20:
  version "4.17.21"
  resolved "https://registry.npmjs.org/lodash/-/lodash-4.17.21.tgz"
  integrity sha512-v2kDEe57lecTulaDIuNTPy3Ry4gLGJ6Z1O3vE1krgXZNrsQ+LFTGHVxVjcXPs17LhbZVGedAJv8XZ1tvj5FvSg==

merge-stream@^2.0.0:
  version "2.0.0"
  resolved "https://registry.npmjs.org/merge-stream/-/merge-stream-2.0.0.tgz"
  integrity sha512-abv/qOcuPfk3URPfDzmZU1LKmuw8kT+0nIHvKrKgFrwifol/doWcdA4ZqsWQ8ENrFKkd67Mfpo/LovbIUsbt3w==

mime-db@1.52.0:
  version "1.52.0"
  resolved "https://registry.npmjs.org/mime-db/-/mime-db-1.52.0.tgz"
  integrity sha512-sPU4uV7dYlvtWJxwwxHD0PuihVNiE7TyAbQ5SWxDCB9mUYvOgroQOwYQQOKPJ8CIbE+1ETVlOoK1UC2nU3gYvg==

mime-types@^2.1.27:
  version "2.1.35"
  resolved "https://registry.npmjs.org/mime-types/-/mime-types-2.1.35.tgz"
  integrity sha512-ZDY+bPm5zTTF+YpCrAU9nK0UgICYPT0QtT1NZWFv4s++TNkcgVaT0g6+4R2uI4MjQjzysHB1zxuWL50hzaeXiw==
  dependencies:
    mime-db "1.52.0"

ms@^2.1.1:
  version "2.1.3"
  resolved "https://registry.npmjs.org/ms/-/ms-2.1.3.tgz"
  integrity sha512-6FlzubTLZG3J2a/NVCAleEhjzq5oxgHyaCU9yYXvcLsvoVaHJq/s5xXI6/XXP6tz7R9xAOtHnSO/tXtF3WRTlA==

needle@^2.2.4:
  version "2.9.1"
  resolved "https://registry.npmjs.org/needle/-/needle-2.9.1.tgz"
  integrity sha512-6R9fqJ5Zcmf+uYaFgdIHmLwNldn5HbK8L5ybn7Uz+ylX/rnOsSp1AHcvQSrCaFN+qNM1wpymHqD7mVasEOlHGQ==
  dependencies:
    debug "^3.2.6"
    iconv-lite "^0.4.4"
    sax "^1.2.4"

neo-async@^2.6.2:
  version "2.6.2"
  resolved "https://registry.npmjs.org/neo-async/-/neo-async-2.6.2.tgz"
  integrity sha512-Yd3UES5mWCSqR+qNT93S3UoYUkqAZ9lLg8a7g9rimsWmYGK8cVToA4/sF3RrshdyV3sAGMXVUmpMYOw+dLpOuw==

node-releases@^2.0.8:
  version "2.0.11"
  resolved "https://registry.npmjs.org/node-releases/-/node-releases-2.0.11.tgz"
  integrity sha512-+M0PwXeU80kRohZ3aT4J/OnR+l9/KD2nVLNNoRgFtnf+umQVFdGBAO2N8+nCnEi0xlh/Wk3zOGC+vNNx+uM79Q==

p-limit@^2.2.0:
  version "2.3.0"
  resolved "https://registry.npmjs.org/p-limit/-/p-limit-2.3.0.tgz"
  integrity sha512-//88mFWSJx8lxCzwdAABTJL2MyWB12+eIY7MDL2SqLmAkeKU9qxRvWuSyTjm3FUmpBEMuFfckAIqEaVGUDxb6w==
  dependencies:
    p-try "^2.0.0"

p-locate@^4.1.0:
  version "4.1.0"
  resolved "https://registry.npmjs.org/p-locate/-/p-locate-4.1.0.tgz"
  integrity sha512-R79ZZ/0wAxKGu3oYMlz8jy/kbhsNrS7SKZ7PxEHBgJ5+F2mtFW2fK2cOtBh1cHYkQsbzFV7I+EoRKe6Yt0oK7A==
  dependencies:
    p-limit "^2.2.0"

p-try@^2.0.0:
  version "2.2.0"
  resolved "https://registry.npmjs.org/p-try/-/p-try-2.2.0.tgz"
  integrity sha512-R4nPAVTAU0B9D35/Gk3uJf/7XYbQcyohSKdvAxIRSNghFl4e71hVoGnBNQz9cWaXxO2I10KTC+3jMdvvoKw6dQ==

path-exists@^4.0.0:
  version "4.0.0"
  resolved "https://registry.npmjs.org/path-exists/-/path-exists-4.0.0.tgz"
  integrity sha512-ak9Qy5Q7jYb2Wwcey5Fpvg2KoAc/ZIhLSLOSBmRmygPsGwkVVt0fZa0qrtMz+m6tJTAHfZQ8FnmB4MG4LWy7/w==

path-key@^3.1.0:
  version "3.1.1"
  resolved "https://registry.npmjs.org/path-key/-/path-key-3.1.1.tgz"
  integrity sha512-ojmeN0qd+y0jszEtoY48r0Peq5dwMEkIlCOu6Q5f41lfkswXuKtYrhgoTpLnyIcHm24Uhqx+5Tqm2InSwLhE6Q==

path-parse@^1.0.7:
  version "1.0.7"
  resolved "https://registry.npmjs.org/path-parse/-/path-parse-1.0.7.tgz"
  integrity sha512-LDJzPVEEEPR+y48z93A0Ed0yXb8pAByGWo/k5YYdYgpY2/2EsOsksJrq7lOHxryrVOn1ejG6oAp8ahvOIQD8sw==

picocolors@^1.0.0:
  version "1.0.0"
  resolved "https://registry.npmjs.org/picocolors/-/picocolors-1.0.0.tgz"
  integrity sha512-1fygroTLlHu66zi26VoTDv8yRgm0Fccecssto+MhsZ0D/DGW2sm8E8AjW7NU5VVTRt5GxbeZ5qBuJr+HyLYkjQ==

pkg-dir@^4.2.0:
  version "4.2.0"
  resolved "https://registry.npmjs.org/pkg-dir/-/pkg-dir-4.2.0.tgz"
  integrity sha512-HRDzbaKjC+AOWVXxAU/x54COGeIv9eb+6CkDSQoNTt4XyWoIJvuPsXizxu/Fr23EiekbtZwmh1IcIG/l/a10GQ==
  dependencies:
    find-up "^4.0.0"

punycode@^2.1.0:
  version "2.3.0"
  resolved "https://registry.npmjs.org/punycode/-/punycode-2.3.0.tgz"
  integrity sha512-rRV+zQD8tVFys26lAGR9WUuS4iUAngJScM+ZRSKtvl5tKeZ2t5bvdNFdNHBW9FWR4guGHlgmsZ1G7BSm2wTbuA==

randombytes@^2.1.0:
  version "2.1.0"
  resolved "https://registry.npmjs.org/randombytes/-/randombytes-2.1.0.tgz"
  integrity sha512-vYl3iOX+4CKUWuxGi9Ukhie6fsqXqS9FE2Zaic4tNFD2N2QQaXOMFbuKK4QmDHC0JO6B1Zp41J0LpT0oR68amQ==
  dependencies:
    safe-buffer "^5.1.0"

rechoir@^0.8.0:
  version "0.8.0"
  resolved "https://registry.npmjs.org/rechoir/-/rechoir-0.8.0.tgz"
  integrity sha512-/vxpCXddiX8NGfGO/mTafwjq4aFa/71pvamip0++IQk3zG8cbCj0fifNPrjjF1XMXUne91jL9OoxmdykoEtifQ==
  dependencies:
    resolve "^1.20.0"

resolve-cwd@^3.0.0:
  version "3.0.0"
  resolved "https://registry.npmjs.org/resolve-cwd/-/resolve-cwd-3.0.0.tgz"
  integrity sha512-OrZaX2Mb+rJCpH/6CpSqt9xFVpN++x01XnN2ie9g6P5/3xelLAkXWVADpdz1IHD/KFfEXyE6V0U01OQ3UO2rEg==
  dependencies:
    resolve-from "^5.0.0"

resolve-from@^5.0.0:
  version "5.0.0"
  resolved "https://registry.npmjs.org/resolve-from/-/resolve-from-5.0.0.tgz"
  integrity sha512-qYg9KP24dD5qka9J47d0aVky0N+b4fTU89LN9iDnjB5waksiC49rvMB0PrUJQGoTmH50XPiqOvAjDfaijGxYZw==

resolve@^1.20.0:
  version "1.22.2"
  resolved "https://registry.npmjs.org/resolve/-/resolve-1.22.2.tgz"
  integrity sha512-Sb+mjNHOULsBv818T40qSPeRiuWLyaGMa5ewydRLFimneixmVy2zdivRl+AF6jaYPC8ERxGDmFSiqui6SfPd+g==
  dependencies:
    is-core-module "^2.11.0"
    path-parse "^1.0.7"
    supports-preserve-symlinks-flag "^1.0.0"

safe-buffer@^5.1.0:
  version "5.2.1"
  resolved "https://registry.npmjs.org/safe-buffer/-/safe-buffer-5.2.1.tgz"
  integrity sha512-rp3So07KcdmmKbGvgaNxQSJr7bGVSVk5S9Eq1F+ppbRo70+YeaDxkw5Dd8NPN+GD6bjnYm2VuPuCXmpuYvmCXQ==

"safer-buffer@>= 2.1.2 < 3":
  version "2.1.2"
  resolved "https://registry.npmjs.org/safer-buffer/-/safer-buffer-2.1.2.tgz"
  integrity sha512-YZo3K82SD7Riyi0E1EQPojLz7kpepnSQI9IyPbHHg1XXXevb5dJI7tpyN2ADxGcQbHG7vcyRHk0cbwqcQriUtg==

sax@^1.2.4:
  version "1.2.4"
  resolved "https://registry.npmjs.org/sax/-/sax-1.2.4.tgz"
  integrity sha512-NqVDv9TpANUjFm0N8uM5GxL36UgKi9/atZw+x7YFnQ8ckwFGKrl4xX4yWtrey3UJm5nP1kUbnYgLopqWNSRhWw==

schema-utils@^3.1.1, schema-utils@^3.1.2:
  version "3.1.2"
  resolved "https://registry.npmjs.org/schema-utils/-/schema-utils-3.1.2.tgz"
  integrity sha512-pvjEHOgWc9OWA/f/DE3ohBWTD6EleVLf7iFUkoSwAxttdBhB9QUebQgxER2kWueOvRJXPHNnyrvvh9eZINB8Eg==
  dependencies:
    "@types/json-schema" "^7.0.8"
    ajv "^6.12.5"
    ajv-keywords "^3.5.2"

serialize-javascript@^6.0.1:
  version "6.0.1"
  resolved "https://registry.npmjs.org/serialize-javascript/-/serialize-javascript-6.0.1.tgz"
  integrity sha512-owoXEFjWRllis8/M1Q+Cw5k8ZH40e3zhp/ovX+Xr/vi1qj6QesbyXXViFbpNvWvPNAD62SutwEXavefrLJWj7w==
  dependencies:
    randombytes "^2.1.0"

shallow-clone@^3.0.0:
  version "3.0.1"
  resolved "https://registry.npmjs.org/shallow-clone/-/shallow-clone-3.0.1.tgz"
  integrity sha512-/6KqX+GVUdqPuPPd2LxDDxzX6CAbjJehAAOKlNpqqUpAqPM6HeL8f+o3a+JsyGjn2lv0WY8UsTgUJjU9Ok55NA==
  dependencies:
    kind-of "^6.0.2"

shebang-command@^2.0.0:
  version "2.0.0"
  resolved "https://registry.npmjs.org/shebang-command/-/shebang-command-2.0.0.tgz"
  integrity sha512-kHxr2zZpYtdmrN1qDjrrX/Z1rR1kG8Dx+gkpK1G4eXmvXswmcE1hTWBWYUzlraYw1/yZp6YuDY77YtvbN0dmDA==
  dependencies:
    shebang-regex "^3.0.0"

shebang-regex@^3.0.0:
  version "3.0.0"
  resolved "https://registry.npmjs.org/shebang-regex/-/shebang-regex-3.0.0.tgz"
  integrity sha512-7++dFhtcx3353uBaq8DDR4NuxBetBzC7ZQOhmTQInHEd6bSrXdiEyzCvG07Z44UYdLShWUyXt5M/yhz8ekcb1A==

source-map-support@~0.5.20:
  version "0.5.21"
  resolved "https://registry.npmjs.org/source-map-support/-/source-map-support-0.5.21.tgz"
  integrity sha512-uBHU3L3czsIyYXKX88fdrGovxdSCoTGDRZ6SYXtSRxLZUzHg5P/66Ht6uoUlHu9EZod+inXhKo3qQgwXUT/y1w==
  dependencies:
    buffer-from "^1.0.0"
    source-map "^0.6.0"

source-map@^0.6.0:
  version "0.6.1"
  resolved "https://registry.npmjs.org/source-map/-/source-map-0.6.1.tgz"
  integrity sha512-UjgapumWlbMhkBgzT7Ykc5YXUT46F0iKu8SGXq0bcwP5dz/h0Plj6enJqjz1Zbq2l5WaqYnrVbwWOWMyF3F47g==

spdx-exceptions@^2.1.0:
  version "2.3.0"
  resolved "https://registry.npmjs.org/spdx-exceptions/-/spdx-exceptions-2.3.0.tgz"
  integrity sha512-/tTrYOC7PPI1nUAgx34hUpqXuyJG+DTHJTnIULG4rDygi4xu/tfgmq1e1cIRwRzwZgo4NLySi+ricLkZkw4i5A==

spdx-expression-parse@^3.0.0:
  version "3.0.1"
  resolved "https://registry.npmjs.org/spdx-expression-parse/-/spdx-expression-parse-3.0.1.tgz"
  integrity sha512-cbqHunsQWnJNE6KhVSMsMeH5H/L9EpymbzqTQ3uLwNCLZ1Q481oWaofqH7nO6V07xlXwY6PhQdQ2IedWx/ZK4Q==
  dependencies:
    spdx-exceptions "^2.1.0"
    spdx-license-ids "^3.0.0"

spdx-expression-validate@^2.0.0:
  version "2.0.0"
  resolved "https://registry.npmjs.org/spdx-expression-validate/-/spdx-expression-validate-2.0.0.tgz"
  integrity sha512-b3wydZLM+Tc6CFvaRDBOF9d76oGIHNCLYFeHbftFXUWjnfZWganmDmvtM5sm1cRwJc/VDBMLyGGrsLFd1vOxbg==
  dependencies:
    spdx-expression-parse "^3.0.0"

spdx-license-ids@^3.0.0:
  version "3.0.13"
  resolved "https://registry.npmjs.org/spdx-license-ids/-/spdx-license-ids-3.0.13.tgz"
  integrity sha512-XkD+zwiqXHikFZm4AX/7JSCXA98U5Db4AFd5XUg/+9UNtnH75+Z9KxtpYiJZx36mUDVOwH83pl7yvCer6ewM3w==

supports-color@^8.0.0:
  version "8.1.1"
  resolved "https://registry.npmjs.org/supports-color/-/supports-color-8.1.1.tgz"
  integrity sha512-MpUEN2OodtUzxvKQl72cUF7RQ5EiHsGvSsVG0ia9c5RbWGL2CI4C7EpPS8UTBIplnlzZiNuV56w+FuNxy3ty2Q==
  dependencies:
    has-flag "^4.0.0"

supports-preserve-symlinks-flag@^1.0.0:
  version "1.0.0"
  resolved "https://registry.npmjs.org/supports-preserve-symlinks-flag/-/supports-preserve-symlinks-flag-1.0.0.tgz"
  integrity sha512-ot0WnXS9fgdkgIcePe6RHNk1WA8+muPa6cSjeR3V8K27q9BB1rTE3R1p7Hv0z1ZyAc8s6Vvv8DIyWf681MAt0w==

tapable@^2.1.1, tapable@^2.2.0:
  version "2.2.1"
  resolved "https://registry.npmjs.org/tapable/-/tapable-2.2.1.tgz"
  integrity sha512-GNzQvQTOIP6RyTfE2Qxb8ZVlNmw0n88vp1szwWRimP02mnTsx3Wtn5qRdqY9w2XduFNUgvOwhNnQsjwCp+kqaQ==

terser-webpack-plugin@^5.3.7:
  version "5.3.9"
  resolved "https://registry.npmjs.org/terser-webpack-plugin/-/terser-webpack-plugin-5.3.9.tgz"
  integrity sha512-ZuXsqE07EcggTWQjXUj+Aot/OMcD0bMKGgF63f7UxYcu5/AJF53aIpK1YoP5xR9l6s/Hy2b+t1AM0bLNPRuhwA==
  dependencies:
    "@jridgewell/trace-mapping" "^0.3.17"
    jest-worker "^27.4.5"
    schema-utils "^3.1.1"
    serialize-javascript "^6.0.1"
    terser "^5.16.8"

terser@^5.16.8:
  version "5.17.6"
  resolved "https://registry.npmjs.org/terser/-/terser-5.17.6.tgz"
  integrity sha512-V8QHcs8YuyLkLHsJO5ucyff1ykrLVsR4dNnS//L5Y3NiSXpbK1J+WMVUs67eI0KTxs9JtHhgEQpXQVHlHI92DQ==
  dependencies:
    "@jridgewell/source-map" "^0.3.2"
    acorn "^8.5.0"
    commander "^2.20.0"
    source-map-support "~0.5.20"

three-wtm@^1.0:
  version "1.0.2"
  resolved "https://registry.npmjs.org/three-wtm/-/three-wtm-1.0.2.tgz"
  integrity sha512-gsjjF9XYHeqsKxCHqN+hhGAKuTqcV9ouw0Ad7SRTdZ65cDjjZkSR5KYcbW7tgwBu16jFagOG9VVjuBbGd40Kbw==
  dependencies:
    three "^0.133.1"

three@^0.133.1:
  version "0.133.1"
  resolved "https://registry.npmjs.org/three/-/three-0.133.1.tgz"
  integrity sha512-WydohO8ll949B0FTD6MGz59Yv2Lwj8hvObg/0Heh2r42S6+tQC1WByfCNRdmG4D7+odfGod+n8JPV1I2xrboWw==

three@^0.152:
  version "0.152.2"
  resolved "https://registry.npmjs.org/three/-/three-0.152.2.tgz"
  integrity sha512-Ff9zIpSfkkqcBcpdiFo2f35vA9ZucO+N8TNacJOqaEE6DrB0eufItVMib8bK8Pcju/ZNT6a7blE1GhTpkdsILw==

three@~0.148.0:
  version "0.148.0"
  resolved "https://registry.npmjs.org/three/-/three-0.148.0.tgz"
  integrity sha512-8uzVV+qhTPi0bOFs/3te3RW6hb3urL8jYEl6irjCWo/l6sr8MPNMcClFev/MMYeIxr0gmDcoXTy/8LXh/LXkfw==

update-browserslist-db@^1.0.10:
  version "1.0.11"
  resolved "https://registry.npmjs.org/update-browserslist-db/-/update-browserslist-db-1.0.11.tgz"
  integrity sha512-dCwEFf0/oT85M1fHBg4F0jtLwJrutGoHSQXCh7u4o2t1drG+c0a9Flnqww6XUKSfQMPpJBRjU8d4RXB09qtvaA==
  dependencies:
    escalade "^3.1.1"
    picocolors "^1.0.0"

uri-js@^4.2.2:
  version "4.4.1"
  resolved "https://registry.npmjs.org/uri-js/-/uri-js-4.4.1.tgz"
  integrity sha512-7rKUyy33Q1yc98pQ1DAmLtwX109F7TIfWlW1Ydo8Wl1ii1SeHieeh0HHfPeL2fMXK6z0s8ecKs9frCuLJvndBg==
  dependencies:
    punycode "^2.1.0"

watchpack@^2.4.0:
  version "2.4.0"
  resolved "https://registry.npmjs.org/watchpack/-/watchpack-2.4.0.tgz"
  integrity sha512-Lcvm7MGST/4fup+ifyKi2hjyIAwcdI4HRgtvTpIUxBRhB+RFtUh8XtDOxUfctVCnhVi+QQj49i91OyvzkJl6cg==
  dependencies:
    glob-to-regexp "^0.4.1"
    graceful-fs "^4.1.2"

webpack-cli@^5.1.1, webpack-cli@5.x.x:
  version "5.1.1"
  resolved "https://registry.npmjs.org/webpack-cli/-/webpack-cli-5.1.1.tgz"
  integrity sha512-OLJwVMoXnXYH2ncNGU8gxVpUtm3ybvdioiTvHgUyBuyMLKiVvWy+QObzBsMtp5pH7qQoEuWgeEUQ/sU3ZJFzAw==
  dependencies:
    "@discoveryjs/json-ext" "^0.5.0"
    "@webpack-cli/configtest" "^2.1.0"
    "@webpack-cli/info" "^2.0.1"
    "@webpack-cli/serve" "^2.0.4"
    colorette "^2.0.14"
    commander "^10.0.1"
    cross-spawn "^7.0.3"
    envinfo "^7.7.3"
    fastest-levenshtein "^1.0.12"
    import-local "^3.0.2"
    interpret "^3.1.1"
    rechoir "^0.8.0"
    webpack-merge "^5.7.3"

webpack-license-plugin@^4.2.2:
  version "4.2.2"
  resolved "https://registry.npmjs.org/webpack-license-plugin/-/webpack-license-plugin-4.2.2.tgz"
  integrity sha512-OfIdm659IKurEInKlBN6Sfzrh+MNKIWkChKKg+aDCoPf3Ok1OSXBDd2RKSbuUAtxjmdW2j6LUVZWnRYRnVdOxA==
  dependencies:
    chalk "^5.0.1"
    get-npm-tarball-url "^2.0.1"
    lodash "^4.17.20"
    needle "^2.2.4"
    spdx-expression-validate "^2.0.0"
    webpack-sources "^3.2.1"

webpack-merge@^5.7.3:
  version "5.9.0"
  resolved "https://registry.npmjs.org/webpack-merge/-/webpack-merge-5.9.0.tgz"
  integrity sha512-6NbRQw4+Sy50vYNTw7EyOn41OZItPiXB8GNv3INSoe3PSFaHJEz3SHTrYVaRm2LilNGnFUzh0FAwqPEmU/CwDg==
  dependencies:
    clone-deep "^4.0.1"
    wildcard "^2.0.0"

webpack-sources@^3.2.1, webpack-sources@^3.2.3:
  version "3.2.3"
  resolved "https://registry.npmjs.org/webpack-sources/-/webpack-sources-3.2.3.tgz"
  integrity sha512-/DyMEOrDgLKKIG0fmvtz+4dUX/3Ghozwgm6iPp8KRhvn+eQf9+Q7GWxVNMk3+uCPWfdXYC4ExGBckIXdFEfH1w==

webpack@^5.1.0, webpack@^5.83.1, "webpack@>=4.0.0 < 6.0.0", webpack@5.x.x:
  version "5.83.1"
  resolved "https://registry.npmjs.org/webpack/-/webpack-5.83.1.tgz"
  integrity sha512-TNsG9jDScbNuB+Lb/3+vYolPplCS3bbEaJf+Bj0Gw4DhP3ioAflBb1flcRt9zsWITyvOhM96wMQNRWlSX52DgA==
  dependencies:
    "@types/eslint-scope" "^3.7.3"
    "@types/estree" "^1.0.0"
    "@webassemblyjs/ast" "^1.11.5"
    "@webassemblyjs/wasm-edit" "^1.11.5"
    "@webassemblyjs/wasm-parser" "^1.11.5"
    acorn "^8.7.1"
    acorn-import-assertions "^1.7.6"
    browserslist "^4.14.5"
    chrome-trace-event "^1.0.2"
    enhanced-resolve "^5.14.0"
    es-module-lexer "^1.2.1"
    eslint-scope "5.1.1"
    events "^3.2.0"
    glob-to-regexp "^0.4.1"
    graceful-fs "^4.2.9"
    json-parse-even-better-errors "^2.3.1"
    loader-runner "^4.2.0"
    mime-types "^2.1.27"
    neo-async "^2.6.2"
    schema-utils "^3.1.2"
    tapable "^2.1.1"
    terser-webpack-plugin "^5.3.7"
    watchpack "^2.4.0"
    webpack-sources "^3.2.3"

which@^2.0.1:
  version "2.0.2"
  resolved "https://registry.npmjs.org/which/-/which-2.0.2.tgz"
  integrity sha512-BLI3Tl1TW3Pvl70l3yq3Y64i+awpwXqsGBYWkkqMtnbXgrMD+yj7rhW0kuEDxzJaYXGjEW5ogapKNMEKNMjibA==
  dependencies:
    isexe "^2.0.0"

wildcard@^2.0.0:
  version "2.0.1"
  resolved "https://registry.npmjs.org/wildcard/-/wildcard-2.0.1.tgz"
  integrity sha512-CC1bOL87PIWSBhDcTrdeLo6eGT7mCFtrg0uIJtqJUFyK+eJnzl8A1niH56uu7KMa5XFrtiV+AQuHO3n7DsHnLQ==

wtd-core@2.2.0:
  version "2.2.0"
  resolved "https://registry.npmjs.org/wtd-core/-/wtd-core-2.2.0.tgz"
  integrity sha512-lxf/0t/crKWWv+ZGOzqLd1zil1KVb3sfYyd7/6omQXyDLlYTfhHn5fgV2hIP7XD53QT4GrD+hjCsaEH/UpFJmw==

wtd-three-ext@2.2.0:
  version "2.2.0"
  resolved "https://registry.npmjs.org/wtd-three-ext/-/wtd-three-ext-2.2.0.tgz"
  integrity sha512-+TjUtccv69YCe2Mq/V3q2BYPe9fTelF/xz3pHv2JlmNaZUn8f0Z7GtIE56LrwcEeltFYBTduIt3pgRGtm9n1Fg==
  dependencies:
    three "~0.148.0"
    wtd-core "2.2.0"

wwobjloader2@^6.0:
  version "6.0.0"
  resolved "https://registry.npmjs.org/wwobjloader2/-/wwobjloader2-6.0.0.tgz"
  integrity sha512-rRD+m3um+PSnIx+BcMRkdZlNkHanviHNICl/9QM9nAhRWd/a3+y/K7ESJahI5xUWLV7uO+PMY5x0BYhgNVul0w==
  dependencies:
    three "~0.148.0"
    wtd-core "2.2.0"
    wtd-three-ext "2.2.0"

yarn@^1.22.19:
  version "1.22.19"
  resolved "https://registry.npmjs.org/yarn/-/yarn-1.22.19.tgz"
  integrity sha512-/0V5q0WbslqnwP91tirOvldvYISzaqhClxzyUKXYxs07yUILIs5jx/k6CFe8bvKSkds5w+eiOqta39Wk3WxdcQ==
