# This file is generated by running "yarn install" inside your project.
# Manual changes might be lost - proceed with caution!

__metadata:
  version: 8
  cacheKey: 10c0

"@discoveryjs/json-ext@npm:^0.5.0":
  version: 0.5.3
  resolution: "@discoveryjs/json-ext@npm:0.5.3"
  checksum: 73789df18a61dfd91d839b95c403af9ba32b897c5b419d9a724de588099ce6cefc379ada7617a77dad967b6a026927faa65f55154205cfe88da8c0fca3da2986
  languageName: node
  linkType: hard

"@msgpack/msgpack@npm:^2.8.0":
  version: 2.8.0
  resolution: "@msgpack/msgpack@npm:2.8.0"
  checksum: 5964ed3daad9ccf314238da81c91152dc693bca167b2469445c1d3ce0495443612e543d052281061a91ec48ed44a6a49dd3a334b5d0dbe2dc2db6ea6143e5787
  languageName: node
  linkType: hard

"@types/eslint-scope@npm:^3.7.0":
  version: 3.7.1
  resolution: "@types/eslint-scope@npm:3.7.1"
  dependencies:
    "@types/eslint": "npm:*"
    "@types/estree": "npm:*"
  checksum: ae5ef7b3e02dfbe46e41181ad219801dee971e5f6417252c4a8aeffe07a8f10f8a7f8a03bddfa19504a3648cb3d28020fb3ea4f960b68ccbedae98b601c700a3
  languageName: node
  linkType: hard

"@types/eslint@npm:*":
  version: 7.28.0
  resolution: "@types/eslint@npm:7.28.0"
  dependencies:
    "@types/estree": "npm:*"
    "@types/json-schema": "npm:*"
  checksum: 9fcd1a48a8eade40e51543a9a65d912be89fe0368508d57ca5b970d87b347a8a25b236e477ec8a17fe5d9a8e847cb38d93d2bce4d3dd1bc5812f93a5fe408a0b
  languageName: node
  linkType: hard

"@types/estree@npm:*, @types/estree@npm:^0.0.50":
  version: 0.0.50
  resolution: "@types/estree@npm:0.0.50"
  checksum: e72326154f3910a7928a7a2b387604c4a05c590a79f3c79d54c88f136476bce9bdfdfffe0586f1aeb60e05bb84256a9307f8e297c51ededa6d195277cd8a603b
  languageName: node
  linkType: hard

"@types/json-schema@npm:*, @types/json-schema@npm:^7.0.8":
  version: 7.0.9
  resolution: "@types/json-schema@npm:7.0.9"
  checksum: 46a9e92b7922495a50f55632d802f7e7ab2dffd76b3f894baf7b28012e73983df832977bedd748aa9a2bc8400c6e8659ca39faf6ccd93d71d41d5b0293338a0e
  languageName: node
  linkType: hard

"@types/node@npm:*":
  version: 16.7.5
  resolution: "@types/node@npm:16.7.5"
  checksum: 8f1459eb100f3890384b6b0f02cc4bef16e0316573ba073bd5bea7514e5e70dec4fb209d2930603395aab39742f9e66d36bedeb17eee08c2fda2e2d63f3afbb7
  languageName: node
  linkType: hard

"@webassemblyjs/ast@npm:1.11.1":
  version: 1.11.1
  resolution: "@webassemblyjs/ast@npm:1.11.1"
  dependencies:
    "@webassemblyjs/helper-numbers": "npm:1.11.1"
    "@webassemblyjs/helper-wasm-bytecode": "npm:1.11.1"
  checksum: 6f75b09f17a29e704d2343967c53128cda7c84af2d192a3146de1b53cafaedfe568eca0804bd6c1acc72e1269477ae22d772de1dcf605cdb0adf9768f31d88d7
  languageName: node
  linkType: hard

"@webassemblyjs/floating-point-hex-parser@npm:1.11.1":
  version: 1.11.1
  resolution: "@webassemblyjs/floating-point-hex-parser@npm:1.11.1"
  checksum: 9644d9f7163d25aa301cf3be246e35cca9c472b70feda0593b1a43f30525c68d70bfb4b7f24624cd8e259579f1dee32ef28670adaeb3ab1314ffb52a25b831d5
  languageName: node
  linkType: hard

"@webassemblyjs/helper-api-error@npm:1.11.1":
  version: 1.11.1
  resolution: "@webassemblyjs/helper-api-error@npm:1.11.1"
  checksum: 23e6f24100eb21779cd4dcc7c4231fd511622545a7638b195098bcfee79decb54a7e2b3295a12056c3042af7a5d8d62d4023a9194c9cba0311acb304ea20a292
  languageName: node
  linkType: hard

"@webassemblyjs/helper-buffer@npm:1.11.1":
  version: 1.11.1
  resolution: "@webassemblyjs/helper-buffer@npm:1.11.1"
  checksum: ab662fc94a017538c538836387492567ed9f23fe4485a86de1834d61834e4327c24659830e1ecd2eea7690ce031a148b59c4724873dc5d3c0bdb71605c7d01af
  languageName: node
  linkType: hard

"@webassemblyjs/helper-numbers@npm:1.11.1":
  version: 1.11.1
  resolution: "@webassemblyjs/helper-numbers@npm:1.11.1"
  dependencies:
    "@webassemblyjs/floating-point-hex-parser": "npm:1.11.1"
    "@webassemblyjs/helper-api-error": "npm:1.11.1"
    "@xtuc/long": "npm:4.2.2"
  checksum: 8cc7ced66dad8f968a68fbad551ba50562993cefa1add67b31ca6462bb986f7b21b5d7c6444c05dd39312126e10ac48def025dec6277ce0734665191e05acde7
  languageName: node
  linkType: hard

"@webassemblyjs/helper-wasm-bytecode@npm:1.11.1":
  version: 1.11.1
  resolution: "@webassemblyjs/helper-wasm-bytecode@npm:1.11.1"
  checksum: f14e2bd836fed1420fe7507919767de16346a013bbac97b6b6794993594f37b5f0591d824866a7b32f47524cef8a4a300e5f914952ff2b0ff28659714400c793
  languageName: node
  linkType: hard

"@webassemblyjs/helper-wasm-section@npm:1.11.1":
  version: 1.11.1
  resolution: "@webassemblyjs/helper-wasm-section@npm:1.11.1"
  dependencies:
    "@webassemblyjs/ast": "npm:1.11.1"
    "@webassemblyjs/helper-buffer": "npm:1.11.1"
    "@webassemblyjs/helper-wasm-bytecode": "npm:1.11.1"
    "@webassemblyjs/wasm-gen": "npm:1.11.1"
  checksum: e2da4192a843e96c8bf5156cea23193c9dbe12a1440c9c109d3393828f46753faab75fac78ecfe965aa7988723ad9b0b12f3ca0b9e4de75294980e67515460af
  languageName: node
  linkType: hard

"@webassemblyjs/ieee754@npm:1.11.1":
  version: 1.11.1
  resolution: "@webassemblyjs/ieee754@npm:1.11.1"
  dependencies:
    "@xtuc/ieee754": "npm:^1.2.0"
  checksum: 13d6a6ca2e9f35265f10b549cb8354f31a307a7480bbf76c0f4bc8b02e13d5556fb29456cef3815db490effc602c59f98cb0505090ca9e29d7dc61539762a065
  languageName: node
  linkType: hard

"@webassemblyjs/leb128@npm:1.11.1":
  version: 1.11.1
  resolution: "@webassemblyjs/leb128@npm:1.11.1"
  dependencies:
    "@xtuc/long": "npm:4.2.2"
  checksum: e505edb5de61f13c6c66c57380ae16e95db9d7c43a41ac132e298426bcead9c90622e3d3035fb63df09d0eeabafd471be35ba583fca72ac2e776ab537dda6883
  languageName: node
  linkType: hard

"@webassemblyjs/utf8@npm:1.11.1":
  version: 1.11.1
  resolution: "@webassemblyjs/utf8@npm:1.11.1"
  checksum: a7c13c7c82d525fe774f51a4fc1da058b0e2c73345eed9e2d6fbeb96ba50c1942daf97e0ff394e7a4d0f26b705f9587cb14681870086d51f02abc78ff6ce3703
  languageName: node
  linkType: hard

"@webassemblyjs/wasm-edit@npm:1.11.1":
  version: 1.11.1
  resolution: "@webassemblyjs/wasm-edit@npm:1.11.1"
  dependencies:
    "@webassemblyjs/ast": "npm:1.11.1"
    "@webassemblyjs/helper-buffer": "npm:1.11.1"
    "@webassemblyjs/helper-wasm-bytecode": "npm:1.11.1"
    "@webassemblyjs/helper-wasm-section": "npm:1.11.1"
    "@webassemblyjs/wasm-gen": "npm:1.11.1"
    "@webassemblyjs/wasm-opt": "npm:1.11.1"
    "@webassemblyjs/wasm-parser": "npm:1.11.1"
    "@webassemblyjs/wast-printer": "npm:1.11.1"
  checksum: 10bef22579f96f8c0934aa9fbf6f0d9110563f9c1a510100a84fdfa3dbd9126fdc10bfc12e7ce3ace0ba081e6789eac533c81698faab75859b3a41e97b5ab3bc
  languageName: node
  linkType: hard

"@webassemblyjs/wasm-gen@npm:1.11.1":
  version: 1.11.1
  resolution: "@webassemblyjs/wasm-gen@npm:1.11.1"
  dependencies:
    "@webassemblyjs/ast": "npm:1.11.1"
    "@webassemblyjs/helper-wasm-bytecode": "npm:1.11.1"
    "@webassemblyjs/ieee754": "npm:1.11.1"
    "@webassemblyjs/leb128": "npm:1.11.1"
    "@webassemblyjs/utf8": "npm:1.11.1"
  checksum: 4e49a19e302e19a2a2438e87ae85805acf39a7d93f9ac0ab65620ae395894937ceb762fa328acbe259d2e60d252cbb87a40ec2b4c088f3149be23fa69ddbf855
  languageName: node
  linkType: hard

"@webassemblyjs/wasm-opt@npm:1.11.1":
  version: 1.11.1
  resolution: "@webassemblyjs/wasm-opt@npm:1.11.1"
  dependencies:
    "@webassemblyjs/ast": "npm:1.11.1"
    "@webassemblyjs/helper-buffer": "npm:1.11.1"
    "@webassemblyjs/wasm-gen": "npm:1.11.1"
    "@webassemblyjs/wasm-parser": "npm:1.11.1"
  checksum: af7fd6bcb942baafda3b8cc1e574062d01c582aaa12d4f0ea62ff8e83ce1317f06a79c16313a3bc98625e1226d0fc49ba90edac18c21a64c75e9cd114306f07a
  languageName: node
  linkType: hard

"@webassemblyjs/wasm-parser@npm:1.11.1":
  version: 1.11.1
  resolution: "@webassemblyjs/wasm-parser@npm:1.11.1"
  dependencies:
    "@webassemblyjs/ast": "npm:1.11.1"
    "@webassemblyjs/helper-api-error": "npm:1.11.1"
    "@webassemblyjs/helper-wasm-bytecode": "npm:1.11.1"
    "@webassemblyjs/ieee754": "npm:1.11.1"
    "@webassemblyjs/leb128": "npm:1.11.1"
    "@webassemblyjs/utf8": "npm:1.11.1"
  checksum: 5a7e8ad36176347f3bc9aee15860a7002b608c181012128ea3e5a1199649d6722e05e029fdf2a73485f2ab3e2f7386b3e0dce46ff9cfd1918417a4ee1151f21e
  languageName: node
  linkType: hard

"@webassemblyjs/wast-printer@npm:1.11.1":
  version: 1.11.1
  resolution: "@webassemblyjs/wast-printer@npm:1.11.1"
  dependencies:
    "@webassemblyjs/ast": "npm:1.11.1"
    "@xtuc/long": "npm:4.2.2"
  checksum: cede13c53a176198f949e7f0edf921047c524472b2e4c99edfe829d20e168b4037395479325635b4a3662ea7b4b59be4555ea3bb6050c61b823c68abdb435c74
  languageName: node
  linkType: hard

"@webpack-cli/configtest@npm:^1.0.4":
  version: 1.0.4
  resolution: "@webpack-cli/configtest@npm:1.0.4"
  peerDependencies:
    webpack: 4.x.x || 5.x.x
    webpack-cli: 4.x.x
  checksum: 32a233e28da67fbdc04eb0871291943b4b263f066876b9dab0d863b651f3d155d7d59668f1abc0a928ce6fbe4e085e1860fa906af8781af2667bf47738acc54e
  languageName: node
  linkType: hard

"@webpack-cli/info@npm:^1.3.0":
  version: 1.3.0
  resolution: "@webpack-cli/info@npm:1.3.0"
  dependencies:
    envinfo: "npm:^7.7.3"
  peerDependencies:
    webpack-cli: 4.x.x
  checksum: 17aa9829f58de55b57d6b4c41aeaedaacbd87bb7a5276aad0dda64d4637a94c8d0ffa94756882e28570ecd47ed793cec8c3636b0e25cf5c6ff9bf0bdd4eb7aab
  languageName: node
  linkType: hard

"@webpack-cli/serve@npm:^1.5.2":
  version: 1.5.2
  resolution: "@webpack-cli/serve@npm:1.5.2"
  peerDependencies:
    webpack-cli: 4.x.x
  peerDependenciesMeta:
    webpack-dev-server:
      optional: true
  checksum: f90b7036078e806984431d1566122c491e541d4cf5cdfdad70ca817abe1fe4ec18c6d1beeb4182b489a8d7a0c6b8778483f23273696a599fae149e4707fa231b
  languageName: node
  linkType: hard

"@xtuc/ieee754@npm:^1.2.0":
  version: 1.2.0
  resolution: "@xtuc/ieee754@npm:1.2.0"
  checksum: a8565d29d135039bd99ae4b2220d3e167d22cf53f867e491ed479b3f84f895742d0097f935b19aab90265a23d5d46711e4204f14c479ae3637fbf06c4666882f
  languageName: node
  linkType: hard

"@xtuc/long@npm:4.2.2":
  version: 4.2.2
  resolution: "@xtuc/long@npm:4.2.2"
  checksum: 8582cbc69c79ad2d31568c412129bf23d2b1210a1dfb60c82d5a1df93334da4ee51f3057051658569e2c196d8dc33bc05ae6b974a711d0d16e801e1d0647ccd1
  languageName: node
  linkType: hard

"acorn-import-assertions@npm:^1.7.6":
  version: 1.7.6
  resolution: "acorn-import-assertions@npm:1.7.6"
  peerDependencies:
    acorn: ^8
  checksum: ccd6960363aaaf78386e4ee895fb79e4bf12c33d5f1876918f91aae4e30c9bc7583dc8a6767badfc5e351c42161747fa355a7795ea659296fae62a6b7530a43b
  languageName: node
  linkType: hard

"acorn@npm:^8.4.1":
  version: 8.4.1
  resolution: "acorn@npm:8.4.1"
  bin:
    acorn: bin/acorn
  checksum: ecff67f32fe07569188d407ef09e29237a4349a4fbf1ecf2bb2c6a615d7cb4e3e079b1015a2a0775dac509c7fd2877849a04a05e75978d1154e0dc7331f70dde
  languageName: node
  linkType: hard

"acorn@npm:^8.5.0":
  version: 8.11.2
  resolution: "acorn@npm:8.11.2"
  bin:
    acorn: bin/acorn
  checksum: a3ed76c761b75ec54b1ec3068fb7f113a182e95aea7f322f65098c2958d232e3d211cb6dac35ff9c647024b63714bc528a26d54a925d1fef2c25585b4c8e4017
  languageName: node
  linkType: hard

"ajv-keywords@npm:^3.5.2":
  version: 3.5.2
  resolution: "ajv-keywords@npm:3.5.2"
  peerDependencies:
    ajv: ^6.9.1
  checksum: 0c57a47cbd656e8cdfd99d7c2264de5868918ffa207c8d7a72a7f63379d4333254b2ba03d69e3c035e996a3fd3eb6d5725d7a1597cca10694296e32510546360
  languageName: node
  linkType: hard

"ajv@npm:^6.12.5":
  version: 6.12.6
  resolution: "ajv@npm:6.12.6"
  dependencies:
    fast-deep-equal: "npm:^3.1.1"
    fast-json-stable-stringify: "npm:^2.0.0"
    json-schema-traverse: "npm:^0.4.1"
    uri-js: "npm:^4.2.2"
  checksum: 41e23642cbe545889245b9d2a45854ebba51cda6c778ebced9649420d9205f2efb39cb43dbc41e358409223b1ea43303ae4839db682c848b891e4811da1a5a71
  languageName: node
  linkType: hard

"ansi-styles@npm:^4.1.0":
  version: 4.3.0
  resolution: "ansi-styles@npm:4.3.0"
  dependencies:
    color-convert: "npm:^2.0.1"
  checksum: 895a23929da416f2bd3de7e9cb4eabd340949328ab85ddd6e484a637d8f6820d485f53933446f5291c3b760cbc488beb8e88573dd0f9c7daf83dccc8fe81b041
  languageName: node
  linkType: hard

"browserslist@npm:^4.14.5":
  version: 4.16.8
  resolution: "browserslist@npm:4.16.8"
  dependencies:
    caniuse-lite: "npm:^1.0.30001251"
    colorette: "npm:^1.3.0"
    electron-to-chromium: "npm:^1.3.811"
    escalade: "npm:^3.1.1"
    node-releases: "npm:^1.1.75"
  bin:
    browserslist: cli.js
  checksum: 935c2acdf670a0d782e0bdd2fa8360a419a4017e6ec38ee27e6aa9412c71adf7ded2b2a8041eaadb716490cbf5b6cb35cb142d4badd6d59e39af2c6a0e52c4dd
  languageName: node
  linkType: hard

"buffer-from@npm:^1.0.0":
  version: 1.1.2
  resolution: "buffer-from@npm:1.1.2"
  checksum: 124fff9d66d691a86d3b062eff4663fe437a9d9ee4b47b1b9e97f5a5d14f6d5399345db80f796827be7c95e70a8e765dd404b7c3ff3b3324f98e9b0c8826cc34
  languageName: node
  linkType: hard

"caniuse-lite@npm:^1.0.30001251":
  version: 1.0.30001252
  resolution: "caniuse-lite@npm:1.0.30001252"
  checksum: 3606080032694083b07d716b39a020127b366d206de797d5a10739f1bfd9a96b7f2d979ab6c6aed7657493dee9c23f9e293c1dc3c0ff433ab83a3690aecd7d61
  languageName: node
  linkType: hard

"ccapture.js@aceslowman/ccapture.js#npm-fix":
  version: 1.0.8
  resolution: "ccapture.js@https://github.com/aceslowman/ccapture.js.git#commit=98b8046970c2bfbb25f749e732f196e15c3486fd"
  checksum: 668148a5042de086194f7b372de88eb008fca9914109fc50326c48993abce5131bcccc3e6b7b3dcc7b8a485283fa4856bf72967f36abeb454036fc2ac34c4e73
  languageName: node
  linkType: hard

"chalk@npm:^4.1.0":
  version: 4.1.2
  resolution: "chalk@npm:4.1.2"
  dependencies:
    ansi-styles: "npm:^4.1.0"
    supports-color: "npm:^7.1.0"
  checksum: 4a3fef5cc34975c898ffe77141450f679721df9dde00f6c304353fa9c8b571929123b26a0e4617bde5018977eb655b31970c297b91b63ee83bb82aeb04666880
  languageName: node
  linkType: hard

"chrome-trace-event@npm:^1.0.2":
  version: 1.0.3
  resolution: "chrome-trace-event@npm:1.0.3"
  checksum: 080ce2d20c2b9e0f8461a380e9585686caa768b1c834a464470c9dc74cda07f27611c7b727a2cd768a9cecd033297fdec4ce01f1e58b62227882c1059dec321c
  languageName: node
  linkType: hard

"clone-deep@npm:^4.0.1":
  version: 4.0.1
  resolution: "clone-deep@npm:4.0.1"
  dependencies:
    is-plain-object: "npm:^2.0.4"
    kind-of: "npm:^6.0.2"
    shallow-clone: "npm:^3.0.0"
  checksum: 637753615aa24adf0f2d505947a1bb75e63964309034a1cf56ba4b1f30af155201edd38d26ffe26911adaae267a3c138b344a4947d39f5fc1b6d6108125aa758
  languageName: node
  linkType: hard

"color-convert@npm:^2.0.1":
  version: 2.0.1
  resolution: "color-convert@npm:2.0.1"
  dependencies:
    color-name: "npm:~1.1.4"
  checksum: 37e1150172f2e311fe1b2df62c6293a342ee7380da7b9cfdba67ea539909afbd74da27033208d01d6d5cfc65ee7868a22e18d7e7648e004425441c0f8a15a7d7
  languageName: node
  linkType: hard

"color-name@npm:~1.1.4":
  version: 1.1.4
  resolution: "color-name@npm:1.1.4"
  checksum: a1a3f914156960902f46f7f56bc62effc6c94e84b2cae157a526b1c1f74b677a47ec602bf68a61abfa2b42d15b7c5651c6dbe72a43af720bc588dff885b10f95
  languageName: node
  linkType: hard

"colorette@npm:^1.2.1, colorette@npm:^1.3.0":
  version: 1.3.0
  resolution: "colorette@npm:1.3.0"
  checksum: 119123c00d8d6698228a6002a9eb78762832e1b1813a8d063120bd06bbe0937c3f9b71e3cc75fa85aef3ae581cbe95253fa46072c48d8857d27f2bfd2ef82ea5
  languageName: node
  linkType: hard

"commander@npm:^2.20.0":
  version: 2.20.3
  resolution: "commander@npm:2.20.3"
  checksum: 74c781a5248c2402a0a3e966a0a2bba3c054aad144f5c023364be83265e796b20565aa9feff624132ff629aa64e16999fa40a743c10c12f7c61e96a794b99288
  languageName: node
  linkType: hard

"commander@npm:^7.0.0":
  version: 7.2.0
  resolution: "commander@npm:7.2.0"
  checksum: 8d690ff13b0356df7e0ebbe6c59b4712f754f4b724d4f473d3cc5b3fdcf978e3a5dc3078717858a2ceb50b0f84d0660a7f22a96cdc50fb877d0c9bb31593d23a
  languageName: node
  linkType: hard

"cross-spawn@npm:^7.0.3":
  version: 7.0.3
  resolution: "cross-spawn@npm:7.0.3"
  dependencies:
    path-key: "npm:^3.1.0"
    shebang-command: "npm:^2.0.0"
    which: "npm:^2.0.1"
  checksum: 5738c312387081c98d69c98e105b6327b069197f864a60593245d64c8089c8a0a744e16349281210d56835bb9274130d825a78b2ad6853ca13cfbeffc0c31750
  languageName: node
  linkType: hard

"dat.gui@npm:^0.7.7":
  version: 0.7.7
  resolution: "dat.gui@npm:0.7.7"
  checksum: fba2dd69c88b08db015b3eee54f3cd69b7a9cdc2a1afe82316192bd701e135b3f952ed693069199756da3a81412f0ab02e42cb4d147a16d47daead5ff7f3b937
  languageName: node
  linkType: hard

"debug@npm:^3.2.6":
  version: 3.2.7
  resolution: "debug@npm:3.2.7"
  dependencies:
    ms: "npm:^2.1.1"
  checksum: 37d96ae42cbc71c14844d2ae3ba55adf462ec89fd3a999459dec3833944cd999af6007ff29c780f1c61153bcaaf2c842d1e4ce1ec621e4fc4923244942e4a02a
  languageName: node
  linkType: hard

"electron-to-chromium@npm:^1.3.811":
  version: 1.3.822
  resolution: "electron-to-chromium@npm:1.3.822"
  checksum: 1ef2ad627fa45936278cb32bc52ce353479dd800e99786cb73ddc59119273097fe3e5d81593dbbfcdcd7833064b38312789717a8c5370c3db66ab5f928c3e222
  languageName: node
  linkType: hard

"enhanced-resolve@npm:^5.8.0":
  version: 5.8.2
  resolution: "enhanced-resolve@npm:5.8.2"
  dependencies:
    graceful-fs: "npm:^4.2.4"
    tapable: "npm:^2.2.0"
  checksum: 08612893157753824920db12c8b6a89c8ed3e9435c93c57751880ea72946c9cbc8a0ef9a68d829d6a1a9fc431ba8fe08637806a9855ac56595bac43ef79ab433
  languageName: node
  linkType: hard

"envinfo@npm:^7.7.3":
  version: 7.8.1
  resolution: "envinfo@npm:7.8.1"
  bin:
    envinfo: dist/cli.js
  checksum: 01efe7fcf55d4b84a146bc638ef89a89a70b610957db64636ac7cc4247d627eeb1c808ed79d3cfbe3d4fed5e8ba3d61db79c1ca1a3fea9f38639561eefd68733
  languageName: node
  linkType: hard

"es-module-lexer@npm:^0.7.1":
  version: 0.7.1
  resolution: "es-module-lexer@npm:0.7.1"
  checksum: 411cb77f01419ea21576786b23d78487815542b14b9eaa674d4892efeeb64a58ce4abe0ea49db7750b498c2276da6722ea4aa9413629715e3f57ca863ec5d6eb
  languageName: node
  linkType: hard

"escalade@npm:^3.1.1":
  version: 3.1.1
  resolution: "escalade@npm:3.1.1"
  checksum: afd02e6ca91ffa813e1108b5e7756566173d6bc0d1eb951cb44d6b21702ec17c1cf116cfe75d4a2b02e05acb0b808a7a9387d0d1ca5cf9c04ad03a8445c3e46d
  languageName: node
  linkType: hard

"eslint-scope@npm:5.1.1":
  version: 5.1.1
  resolution: "eslint-scope@npm:5.1.1"
  dependencies:
    esrecurse: "npm:^4.3.0"
    estraverse: "npm:^4.1.1"
  checksum: d30ef9dc1c1cbdece34db1539a4933fe3f9b14e1ffb27ecc85987902ee663ad7c9473bbd49a9a03195a373741e62e2f807c4938992e019b511993d163450e70a
  languageName: node
  linkType: hard

"esrecurse@npm:^4.3.0":
  version: 4.3.0
  resolution: "esrecurse@npm:4.3.0"
  dependencies:
    estraverse: "npm:^5.2.0"
  checksum: 81a37116d1408ded88ada45b9fb16dbd26fba3aadc369ce50fcaf82a0bac12772ebd7b24cd7b91fc66786bf2c1ac7b5f196bc990a473efff972f5cb338877cf5
  languageName: node
  linkType: hard

"estraverse@npm:^4.1.1":
  version: 4.3.0
  resolution: "estraverse@npm:4.3.0"
  checksum: 9cb46463ef8a8a4905d3708a652d60122a0c20bb58dec7e0e12ab0e7235123d74214fc0141d743c381813e1b992767e2708194f6f6e0f9fd00c1b4e0887b8b6d
  languageName: node
  linkType: hard

"estraverse@npm:^5.2.0":
  version: 5.2.0
  resolution: "estraverse@npm:5.2.0"
  checksum: 76a07411841ddf30a6a75afc93e8c00bbfe255a62dee7e1dc90b06ce0d7b939a00cf816ae94566ab5bc1cfde773a49387a35650287840b842143fff46f8f9ae3
  languageName: node
  linkType: hard

"events@npm:^3.2.0":
  version: 3.3.0
  resolution: "events@npm:3.3.0"
  checksum: d6b6f2adbccbcda74ddbab52ed07db727ef52e31a61ed26db9feb7dc62af7fc8e060defa65e5f8af9449b86b52cc1a1f6a79f2eafcf4e62add2b7a1fa4a432f6
  languageName: node
  linkType: hard

"execa@npm:^5.0.0":
  version: 5.1.1
  resolution: "execa@npm:5.1.1"
  dependencies:
    cross-spawn: "npm:^7.0.3"
    get-stream: "npm:^6.0.0"
    human-signals: "npm:^2.1.0"
    is-stream: "npm:^2.0.0"
    merge-stream: "npm:^2.0.0"
    npm-run-path: "npm:^4.0.1"
    onetime: "npm:^5.1.2"
    signal-exit: "npm:^3.0.3"
    strip-final-newline: "npm:^2.0.0"
  checksum: c8e615235e8de4c5addf2fa4c3da3e3aa59ce975a3e83533b4f6a71750fb816a2e79610dc5f1799b6e28976c9ae86747a36a606655bf8cb414a74d8d507b304f
  languageName: node
  linkType: hard

"fast-deep-equal@npm:^3.1.1":
  version: 3.1.3
  resolution: "fast-deep-equal@npm:3.1.3"
  checksum: 40dedc862eb8992c54579c66d914635afbec43350afbbe991235fdcb4e3a8d5af1b23ae7e79bef7d4882d0ecee06c3197488026998fb19f72dc95acff1d1b1d0
  languageName: node
  linkType: hard

"fast-json-stable-stringify@npm:^2.0.0":
  version: 2.1.0
  resolution: "fast-json-stable-stringify@npm:2.1.0"
  checksum: 7f081eb0b8a64e0057b3bb03f974b3ef00135fbf36c1c710895cd9300f13c94ba809bb3a81cf4e1b03f6e5285610a61abbd7602d0652de423144dfee5a389c9b
  languageName: node
  linkType: hard

"fastest-levenshtein@npm:^1.0.12":
  version: 1.0.12
  resolution: "fastest-levenshtein@npm:1.0.12"
  checksum: 1755f98942952d5acd773eef03f9f9f046d95c447b10d1ef672df65a40f9a4d3f176ef60ae93e465f1c2bae127b7eb047d4df7e0dce492805bda76aff325dc88
  languageName: node
  linkType: hard

"find-up@npm:^4.0.0":
  version: 4.1.0
  resolution: "find-up@npm:4.1.0"
  dependencies:
    locate-path: "npm:^5.0.0"
    path-exists: "npm:^4.0.0"
  checksum: 0406ee89ebeefa2d507feb07ec366bebd8a6167ae74aa4e34fb4c4abd06cf782a3ce26ae4194d70706f72182841733f00551c209fe575cb00bd92104056e78c1
  languageName: node
  linkType: hard

"function-bind@npm:^1.1.1":
  version: 1.1.1
  resolution: "function-bind@npm:1.1.1"
  checksum: 60b74b2407e1942e1ed7f8c284f8ef714d0689dcfce5319985a5b7da3fc727f40b4a59ec72dc55aa83365ad7b8fa4fac3a30d93c850a2b452f29ae03dbc10a1e
  languageName: node
  linkType: hard

"get-npm-tarball-url@npm:^2.0.1":
  version: 2.0.2
  resolution: "get-npm-tarball-url@npm:2.0.2"
  dependencies:
    normalize-registry-url: "npm:^1.0.0"
  checksum: 5bfd7befd27027e79c252adb65a6fb641dea63af44faa779be1b997154c5384425464ebfdaed7bd64daaf380bf9c4b9f266ef7fd8b6aa4785b1276d26cff7e01
  languageName: node
  linkType: hard

"get-stream@npm:^6.0.0":
  version: 6.0.1
  resolution: "get-stream@npm:6.0.1"
  checksum: 49825d57d3fd6964228e6200a58169464b8e8970489b3acdc24906c782fb7f01f9f56f8e6653c4a50713771d6658f7cfe051e5eb8c12e334138c9c918b296341
  languageName: node
  linkType: hard

"glob-to-regexp@npm:^0.4.1":
  version: 0.4.1
  resolution: "glob-to-regexp@npm:0.4.1"
  checksum: 0486925072d7a916f052842772b61c3e86247f0a80cc0deb9b5a3e8a1a9faad5b04fb6f58986a09f34d3e96cd2a22a24b7e9882fb1cf904c31e9a310de96c429
  languageName: node
  linkType: hard

"graceful-fs@npm:^4.1.2, graceful-fs@npm:^4.2.4":
  version: 4.2.8
  resolution: "graceful-fs@npm:4.2.8"
  checksum: 68365485460f7d2e95c05c1b7aeee935349f3b7776488d5bd95a45d8a45bd4977442e88cbbdb4ea01bc72f49f01f75d83f049069774ac8cc4328af4bcff1c542
  languageName: node
  linkType: hard

"has-flag@npm:^4.0.0":
  version: 4.0.0
  resolution: "has-flag@npm:4.0.0"
  checksum: 2e789c61b7888d66993e14e8331449e525ef42aac53c627cc53d1c3334e768bcb6abdc4f5f0de1478a25beec6f0bd62c7549058b7ac53e924040d4f301f02fd1
  languageName: node
  linkType: hard

"has@npm:^1.0.3":
  version: 1.0.3
  resolution: "has@npm:1.0.3"
  dependencies:
    function-bind: "npm:^1.1.1"
  checksum: e1da0d2bd109f116b632f27782cf23182b42f14972ca9540e4c5aa7e52647407a0a4a76937334fddcb56befe94a3494825ec22b19b51f5e5507c3153fd1a5e1b
  languageName: node
  linkType: hard

"human-signals@npm:^2.1.0":
  version: 2.1.0
  resolution: "human-signals@npm:2.1.0"
  checksum: 695edb3edfcfe9c8b52a76926cd31b36978782062c0ed9b1192b36bebc75c4c87c82e178dfcb0ed0fc27ca59d434198aac0bd0be18f5781ded775604db22304a
  languageName: node
  linkType: hard

"iconv-lite@npm:^0.4.4":
  version: 0.4.24
  resolution: "iconv-lite@npm:0.4.24"
  dependencies:
    safer-buffer: "npm:>= 2.1.2 < 3"
  checksum: c6886a24cc00f2a059767440ec1bc00d334a89f250db8e0f7feb4961c8727118457e27c495ba94d082e51d3baca378726cd110aaf7ded8b9bbfd6a44760cf1d4
  languageName: node
  linkType: hard

"import-local@npm:^3.0.2":
  version: 3.0.2
  resolution: "import-local@npm:3.0.2"
  dependencies:
    pkg-dir: "npm:^4.2.0"
    resolve-cwd: "npm:^3.0.0"
  bin:
    import-local-fixture: fixtures/cli.js
  checksum: 593ec592c5c2c0849f94b81198077b53e342f02bd7a7cc3f8a3dd5b52f40a37003b3b2922a80b4e7b565c0f7c951a41849a03852c4e68144fff84bf892d129cb
  languageName: node
  linkType: hard

"interpret@npm:^2.2.0":
  version: 2.2.0
  resolution: "interpret@npm:2.2.0"
  checksum: c0ef90daec6c4120bb7a226fa09a9511f6b5618aa9c94cf4641472f486948e643bb3b36efbd0136bbffdee876435af9fdf7bbb4622f5a16778eed5397f8a1946
  languageName: node
  linkType: hard

"is-core-module@npm:^2.2.0":
  version: 2.6.0
  resolution: "is-core-module@npm:2.6.0"
  dependencies:
    has: "npm:^1.0.3"
  checksum: 7f8226c904bad2bd63c06e23fd7057f8e95168d5b01c7a79a43078c5b669a35ce4fb6daab89ee3fde46559d011bcfc98a599d80f34236aab10768cc64f58a4e9
  languageName: node
  linkType: hard

"is-plain-object@npm:^2.0.4":
  version: 2.0.4
  resolution: "is-plain-object@npm:2.0.4"
  dependencies:
    isobject: "npm:^3.0.1"
  checksum: f050fdd5203d9c81e8c4df1b3ff461c4bc64e8b5ca383bcdde46131361d0a678e80bcf00b5257646f6c636197629644d53bd8e2375aea633de09a82d57e942f4
  languageName: node
  linkType: hard

"is-stream@npm:^2.0.0":
  version: 2.0.1
  resolution: "is-stream@npm:2.0.1"
  checksum: 7c284241313fc6efc329b8d7f08e16c0efeb6baab1b4cd0ba579eb78e5af1aa5da11e68559896a2067cd6c526bd29241dda4eb1225e627d5aa1a89a76d4635a5
  languageName: node
  linkType: hard

"isexe@npm:^2.0.0":
  version: 2.0.0
  resolution: "isexe@npm:2.0.0"
  checksum: 228cfa503fadc2c31596ab06ed6aa82c9976eec2bfd83397e7eaf06d0ccf42cd1dfd6743bf9aeb01aebd4156d009994c5f76ea898d2832c1fe342da923ca457d
  languageName: node
  linkType: hard

"isobject@npm:^3.0.1":
  version: 3.0.1
  resolution: "isobject@npm:3.0.1"
  checksum: 03344f5064a82f099a0cd1a8a407f4c0d20b7b8485e8e816c39f249e9416b06c322e8dec5b842b6bb8a06de0af9cb48e7bc1b5352f0fadc2f0abac033db3d4db
  languageName: node
  linkType: hard

"jest-worker@npm:^27.0.2":
  version: 27.1.0
  resolution: "jest-worker@npm:27.1.0"
  dependencies:
    "@types/node": "npm:*"
    merge-stream: "npm:^2.0.0"
    supports-color: "npm:^8.0.0"
  checksum: 6cad8c175b3e92f505a34c148a55bf869201d1c990968f04b6181f8b12823923e96f151f9b922e1a714550411a8eb6411a5e3aa6b926dae873f18c8c8f9b2e5d
  languageName: node
  linkType: hard

"json-parse-better-errors@npm:^1.0.2":
  version: 1.0.2
  resolution: "json-parse-better-errors@npm:1.0.2"
  checksum: 2f1287a7c833e397c9ddd361a78638e828fc523038bb3441fd4fc144cfd2c6cd4963ffb9e207e648cf7b692600f1e1e524e965c32df5152120910e4903a47dcb
  languageName: node
  linkType: hard

"json-schema-traverse@npm:^0.4.1":
  version: 0.4.1
  resolution: "json-schema-traverse@npm:0.4.1"
  checksum: 108fa90d4cc6f08243aedc6da16c408daf81793bf903e9fd5ab21983cda433d5d2da49e40711da016289465ec2e62e0324dcdfbc06275a607fe3233fde4942ce
  languageName: node
  linkType: hard

"kind-of@npm:^6.0.2":
  version: 6.0.3
  resolution: "kind-of@npm:6.0.3"
  checksum: 61cdff9623dabf3568b6445e93e31376bee1cdb93f8ba7033d86022c2a9b1791a1d9510e026e6465ebd701a6dd2f7b0808483ad8838341ac52f003f512e0b4c4
  languageName: node
  linkType: hard

"loader-runner@npm:^4.2.0":
  version: 4.2.0
  resolution: "loader-runner@npm:4.2.0"
  checksum: 907dee8c4d5841962005e22bf2fa10f7ea5849356243b43e443227641fa202f5edf1c996e5b36697e027533013d35554a46e75d3db8183731f11b5f38db565ea
  languageName: node
  linkType: hard

"locate-path@npm:^5.0.0":
  version: 5.0.0
  resolution: "locate-path@npm:5.0.0"
  dependencies:
    p-locate: "npm:^4.1.0"
  checksum: 33a1c5247e87e022f9713e6213a744557a3e9ec32c5d0b5efb10aa3a38177615bf90221a5592674857039c1a0fd2063b82f285702d37b792d973e9e72ace6c59
  languageName: node
  linkType: hard

"lodash@npm:^4.17.20":
  version: 4.17.21
  resolution: "lodash@npm:4.17.21"
  checksum: d8cbea072bb08655bb4c989da418994b073a608dffa608b09ac04b43a791b12aeae7cd7ad919aa4c925f33b48490b5cfe6c1f71d827956071dae2e7bb3a6b74c
  languageName: node
  linkType: hard

"merge-stream@npm:^2.0.0":
  version: 2.0.0
  resolution: "merge-stream@npm:2.0.0"
  checksum: 867fdbb30a6d58b011449b8885601ec1690c3e41c759ecd5a9d609094f7aed0096c37823ff4a7190ef0b8f22cc86beb7049196ff68c016e3b3c671d0dac91ce5
  languageName: node
  linkType: hard

"meshcat@workspace:.":
  version: 0.0.0-use.local
  resolution: "meshcat@workspace:."
  dependencies:
    "@msgpack/msgpack": "npm:^2.8.0"
    ccapture.js: "aceslowman/ccapture.js#npm-fix"
    dat.gui: "npm:^0.7.7"
    three: "npm:^0.156.1"
    webpack: "npm:^5.47.1"
    webpack-cli: "npm:^4.7.2"
    webpack-license-plugin: "npm:^4.2.0"
    wwobjloader2: "npm:^6.1.0"
  languageName: unknown
  linkType: soft

"mime-db@npm:1.49.0":
  version: 1.49.0
  resolution: "mime-db@npm:1.49.0"
  checksum: 31110e507af3e37bbcdc3b391d33f87e7ff464a6d602f6b664bb690cfd435ae0003abec856c6f2ee41cafa63c20729c6cef1465136a64336104eedb1471c0b83
  languageName: node
  linkType: hard

"mime-types@npm:^2.1.27":
  version: 2.1.32
  resolution: "mime-types@npm:2.1.32"
  dependencies:
    mime-db: "npm:1.49.0"
  checksum: 26e48e64c91ea9554b851cfc62f6147bb1decfd077cc340c0c2cfefc39d88db9d99876fa7065c577e2225a624d087a09a9d9523e6a00dfe62b6bc96225862082
  languageName: node
  linkType: hard

"mimic-fn@npm:^2.1.0":
  version: 2.1.0
  resolution: "mimic-fn@npm:2.1.0"
  checksum: b26f5479d7ec6cc2bce275a08f146cf78f5e7b661b18114e2506dd91ec7ec47e7a25bf4360e5438094db0560bcc868079fb3b1fb3892b833c1ecbf63f80c95a4
  languageName: node
  linkType: hard

"ms@npm:^2.1.1":
  version: 2.1.3
  resolution: "ms@npm:2.1.3"
  checksum: d924b57e7312b3b63ad21fc5b3dc0af5e78d61a1fc7cfb5457edaf26326bf62be5307cc87ffb6862ef1c2b33b0233cdb5d4f01c4c958cc0d660948b65a287a48
  languageName: node
  linkType: hard

"needle@npm:^2.2.4":
  version: 2.9.1
  resolution: "needle@npm:2.9.1"
  dependencies:
    debug: "npm:^3.2.6"
    iconv-lite: "npm:^0.4.4"
    sax: "npm:^1.2.4"
  bin:
    needle: ./bin/needle
  checksum: 65a7eaeaf4ca3410de492957474592af9838e02875273d9232ff6cff331393c58a95e48c592bd9a05f575e5bb9b08543d6cfd19eb96595dbd3d7da2c5fe1accb
  languageName: node
  linkType: hard

"neo-async@npm:^2.6.2":
  version: 2.6.2
  resolution: "neo-async@npm:2.6.2"
  checksum: c2f5a604a54a8ec5438a342e1f356dff4bc33ccccdb6dc668d94fe8e5eccfc9d2c2eea6064b0967a767ba63b33763f51ccf2cd2441b461a7322656c1f06b3f5d
  languageName: node
  linkType: hard

"node-releases@npm:^1.1.75":
  version: 1.1.75
  resolution: "node-releases@npm:1.1.75"
  checksum: 7b770c814037cd5899306dcf9d3f0852d34c3d3c6a6d15bbad8f35109e42ea638248d3d8ea07aa2a752cbba034bd25030bcc5f2a92fb9c5d35c103d7b5097273
  languageName: node
  linkType: hard

"normalize-registry-url@npm:^1.0.0":
  version: 1.0.0
  resolution: "normalize-registry-url@npm:1.0.0"
  checksum: 04490795ea642aea20039bd9f97b6df6dc63338a973c44e758dd9e9dedcc25cebfb117a57255bb8176e787e955f9543c1c4b26fd4ba0fa9a70428bafd2d68609
  languageName: node
  linkType: hard

"npm-run-path@npm:^4.0.1":
  version: 4.0.1
  resolution: "npm-run-path@npm:4.0.1"
  dependencies:
    path-key: "npm:^3.0.0"
  checksum: 6f9353a95288f8455cf64cbeb707b28826a7f29690244c1e4bb61ec573256e021b6ad6651b394eb1ccfd00d6ec50147253aba2c5fe58a57ceb111fad62c519ac
  languageName: node
  linkType: hard

"onetime@npm:^5.1.2":
  version: 5.1.2
  resolution: "onetime@npm:5.1.2"
  dependencies:
    mimic-fn: "npm:^2.1.0"
  checksum: ffcef6fbb2692c3c40749f31ea2e22677a876daea92959b8a80b521d95cca7a668c884d8b2045d1d8ee7d56796aa405c405462af112a1477594cc63531baeb8f
  languageName: node
  linkType: hard

"p-limit@npm:^2.2.0":
  version: 2.3.0
  resolution: "p-limit@npm:2.3.0"
  dependencies:
    p-try: "npm:^2.0.0"
  checksum: 8da01ac53efe6a627080fafc127c873da40c18d87b3f5d5492d465bb85ec7207e153948df6b9cbaeb130be70152f874229b8242ee2be84c0794082510af97f12
  languageName: node
  linkType: hard

"p-limit@npm:^3.1.0":
  version: 3.1.0
  resolution: "p-limit@npm:3.1.0"
  dependencies:
    yocto-queue: "npm:^0.1.0"
  checksum: 9db675949dbdc9c3763c89e748d0ef8bdad0afbb24d49ceaf4c46c02c77d30db4e0652ed36d0a0a7a95154335fab810d95c86153105bb73b3a90448e2bb14e1a
  languageName: node
  linkType: hard

"p-locate@npm:^4.1.0":
  version: 4.1.0
  resolution: "p-locate@npm:4.1.0"
  dependencies:
    p-limit: "npm:^2.2.0"
  checksum: 1b476ad69ad7f6059744f343b26d51ce091508935c1dbb80c4e0a2f397ffce0ca3a1f9f5cd3c7ce19d7929a09719d5c65fe70d8ee289c3f267cd36f2881813e9
  languageName: node
  linkType: hard

"p-try@npm:^2.0.0":
  version: 2.2.0
  resolution: "p-try@npm:2.2.0"
  checksum: c36c19907734c904b16994e6535b02c36c2224d433e01a2f1ab777237f4d86e6289fd5fd464850491e940379d4606ed850c03e0f9ab600b0ebddb511312e177f
  languageName: node
  linkType: hard

"path-exists@npm:^4.0.0":
  version: 4.0.0
  resolution: "path-exists@npm:4.0.0"
  checksum: 8c0bd3f5238188197dc78dced15207a4716c51cc4e3624c44fc97acf69558f5ebb9a2afff486fe1b4ee148e0c133e96c5e11a9aa5c48a3006e3467da070e5e1b
  languageName: node
  linkType: hard

"path-key@npm:^3.0.0, path-key@npm:^3.1.0":
  version: 3.1.1
  resolution: "path-key@npm:3.1.1"
  checksum: 748c43efd5a569c039d7a00a03b58eecd1d75f3999f5a28303d75f521288df4823bc057d8784eb72358b2895a05f29a070bc9f1f17d28226cc4e62494cc58c4c
  languageName: node
  linkType: hard

"path-parse@npm:^1.0.6":
  version: 1.0.7
  resolution: "path-parse@npm:1.0.7"
  checksum: 11ce261f9d294cc7a58d6a574b7f1b935842355ec66fba3c3fd79e0f036462eaf07d0aa95bb74ff432f9afef97ce1926c720988c6a7451d8a584930ae7de86e1
  languageName: node
  linkType: hard

"pkg-dir@npm:^4.2.0":
  version: 4.2.0
  resolution: "pkg-dir@npm:4.2.0"
  dependencies:
    find-up: "npm:^4.0.0"
  checksum: c56bda7769e04907a88423feb320babaed0711af8c436ce3e56763ab1021ba107c7b0cafb11cde7529f669cfc22bffcaebffb573645cbd63842ea9fb17cd7728
  languageName: node
  linkType: hard

"punycode@npm:^2.1.0":
  version: 2.1.1
  resolution: "punycode@npm:2.1.1"
  checksum: 83815ca9b9177f055771f31980cbec7ffaef10257d50a95ab99b4a30f0404846e85fa6887ee1bbc0aaddb7bad6d96e2fa150a016051ff0f6b92be4ad613ddca8
  languageName: node
  linkType: hard

"randombytes@npm:^2.1.0":
  version: 2.1.0
  resolution: "randombytes@npm:2.1.0"
  dependencies:
    safe-buffer: "npm:^5.1.0"
  checksum: 50395efda7a8c94f5dffab564f9ff89736064d32addf0cc7e8bf5e4166f09f8ded7a0849ca6c2d2a59478f7d90f78f20d8048bca3cdf8be09d8e8a10790388f3
  languageName: node
  linkType: hard

"rechoir@npm:^0.7.0":
  version: 0.7.1
  resolution: "rechoir@npm:0.7.1"
  dependencies:
    resolve: "npm:^1.9.0"
  checksum: 22c565f89845f8b9a0574d8bbc157fe489612d2882d036b5520640d4395dc837a997225de535513a847c5fcc47b7e0530b8c84e0ca51fa17dff44a83f41b2568
  languageName: node
  linkType: hard

"resolve-cwd@npm:^3.0.0":
  version: 3.0.0
  resolution: "resolve-cwd@npm:3.0.0"
  dependencies:
    resolve-from: "npm:^5.0.0"
  checksum: e608a3ebd15356264653c32d7ecbc8fd702f94c6703ea4ac2fb81d9c359180cba0ae2e6b71faa446631ed6145454d5a56b227efc33a2d40638ac13f8beb20ee4
  languageName: node
  linkType: hard

"resolve-from@npm:^5.0.0":
  version: 5.0.0
  resolution: "resolve-from@npm:5.0.0"
  checksum: b21cb7f1fb746de8107b9febab60095187781137fd803e6a59a76d421444b1531b641bba5857f5dc011974d8a5c635d61cec49e6bd3b7fc20e01f0fafc4efbf2
  languageName: node
  linkType: hard

"resolve@npm:^1.9.0":
  version: 1.20.0
  resolution: "resolve@npm:1.20.0"
  dependencies:
    is-core-module: "npm:^2.2.0"
    path-parse: "npm:^1.0.6"
  checksum: d2c99e3bfbfd1f5aa4d134fa893b0157b923d6bfdc36563cb126995982ebfd0d93d901f851e4577897580f7c87d9a62d307b811422009fd3d2a8ed0571c2eabb
  languageName: node
  linkType: hard

"resolve@patch:resolve@npm%3A^1.9.0#optional!builtin<compat/resolve>":
  version: 1.20.0
  resolution: "resolve@patch:resolve@npm%3A1.20.0#optional!builtin<compat/resolve>::version=1.20.0&hash=c3c19d"
  dependencies:
    is-core-module: "npm:^2.2.0"
    path-parse: "npm:^1.0.6"
  checksum: b6a5345d1f015cebba11dffa6a1982b39fe9ef42ed86ed832e51bd01c10817666df6d7b11579bc88664f5d57f2a5fe073a7f46b4e72a3efe7ed0cb450ee786da
  languageName: node
  linkType: hard

"safe-buffer@npm:^5.1.0":
  version: 5.2.1
  resolution: "safe-buffer@npm:5.2.1"
  checksum: 6501914237c0a86e9675d4e51d89ca3c21ffd6a31642efeba25ad65720bce6921c9e7e974e5be91a786b25aa058b5303285d3c15dbabf983a919f5f630d349f3
  languageName: node
  linkType: hard

"safer-buffer@npm:>= 2.1.2 < 3":
  version: 2.1.2
  resolution: "safer-buffer@npm:2.1.2"
  checksum: 7e3c8b2e88a1841c9671094bbaeebd94448111dd90a81a1f606f3f67708a6ec57763b3b47f06da09fc6054193e0e6709e77325415dc8422b04497a8070fa02d4
  languageName: node
  linkType: hard

"sax@npm:^1.2.4":
  version: 1.2.4
  resolution: "sax@npm:1.2.4"
  checksum: 6e9b05ff443ee5e5096ce92d31c0740a20d33002fad714ebcb8fc7a664d9ee159103ebe8f7aef0a1f7c5ecacdd01f177f510dff95611c589399baf76437d3fe3
  languageName: node
  linkType: hard

"schema-utils@npm:^3.0.0, schema-utils@npm:^3.1.0":
  version: 3.1.1
  resolution: "schema-utils@npm:3.1.1"
  dependencies:
    "@types/json-schema": "npm:^7.0.8"
    ajv: "npm:^6.12.5"
    ajv-keywords: "npm:^3.5.2"
  checksum: 55a8da802a5f8f0ce6f68b6a139f3261cb423bd23795766da866a0f5738fc40303370fbe0c3eeba60b2a91c569ad7ce5318fea455f8fe866098c5a3a6b9050b0
  languageName: node
  linkType: hard

"serialize-javascript@npm:^6.0.0":
  version: 6.0.0
  resolution: "serialize-javascript@npm:6.0.0"
  dependencies:
    randombytes: "npm:^2.1.0"
  checksum: 73104922ef0a919064346eea21caab99de1a019a1f5fb54a7daa7fcabc39e83b387a2a363e52a889598c3b1bcf507c4b2a7b26df76e991a310657af20eea2e7c
  languageName: node
  linkType: hard

"shallow-clone@npm:^3.0.0":
  version: 3.0.1
  resolution: "shallow-clone@npm:3.0.1"
  dependencies:
    kind-of: "npm:^6.0.2"
  checksum: 7bab09613a1b9f480c85a9823aebec533015579fa055ba6634aa56ba1f984380670eaf33b8217502931872aa1401c9fcadaa15f9f604d631536df475b05bcf1e
  languageName: node
  linkType: hard

"shebang-command@npm:^2.0.0":
  version: 2.0.0
  resolution: "shebang-command@npm:2.0.0"
  dependencies:
    shebang-regex: "npm:^3.0.0"
  checksum: a41692e7d89a553ef21d324a5cceb5f686d1f3c040759c50aab69688634688c5c327f26f3ecf7001ebfd78c01f3c7c0a11a7c8bfd0a8bc9f6240d4f40b224e4e
  languageName: node
  linkType: hard

"shebang-regex@npm:^3.0.0":
  version: 3.0.0
  resolution: "shebang-regex@npm:3.0.0"
  checksum: 1dbed0726dd0e1152a92696c76c7f06084eb32a90f0528d11acd764043aacf76994b2fb30aa1291a21bd019d6699164d048286309a278855ee7bec06cf6fb690
  languageName: node
  linkType: hard

"signal-exit@npm:^3.0.3":
  version: 3.0.3
  resolution: "signal-exit@npm:3.0.3"
  checksum: 645cf460a417158e7d7fd03fb276aa12aecc49ab61a2ea36dac1987870a454e8af476ed926c8a8713a1adfde69c5964a4ca322c87fcca2367b36e1681207cf5f
  languageName: node
  linkType: hard

"source-list-map@npm:^2.0.1":
  version: 2.0.1
  resolution: "source-list-map@npm:2.0.1"
  checksum: 2e5e421b185dcd857f46c3c70e2e711a65d717b78c5f795e2e248c9d67757882ea989b80ebc08cf164eeeda5f4be8aa95d3b990225070b2daaaf3257c5958149
  languageName: node
  linkType: hard

"source-map-support@npm:~0.5.19":
  version: 0.5.19
  resolution: "source-map-support@npm:0.5.19"
  dependencies:
    buffer-from: "npm:^1.0.0"
    source-map: "npm:^0.6.0"
  checksum: a232cb02dc5c2c048460dff3ca1a4c2aa44488822028932daff99b8707c8e4f87d2535dae319d65691c905096f2c06a2517793472634efb01f8a095661b9aa93
  languageName: node
  linkType: hard

"source-map@npm:^0.6.0, source-map@npm:^0.6.1":
  version: 0.6.1
  resolution: "source-map@npm:0.6.1"
  checksum: ab55398007c5e5532957cb0beee2368529618ac0ab372d789806f5718123cc4367d57de3904b4e6a4170eb5a0b0f41373066d02ca0735a0c4d75c7d328d3e011
  languageName: node
  linkType: hard

"source-map@npm:~0.7.2":
  version: 0.7.3
  resolution: "source-map@npm:0.7.3"
  checksum: 7d2ddb51f3d2451847692a9ac7808da2b2b3bf7aef92ece33128919040a7e74d9a5edfde7a781f035c974deff876afaf83f2e30484faffffb86484e7408f5d7c
  languageName: node
  linkType: hard

"spdx-exceptions@npm:^2.1.0":
  version: 2.3.0
  resolution: "spdx-exceptions@npm:2.3.0"
  checksum: 83089e77d2a91cb6805a5c910a2bedb9e50799da091f532c2ba4150efdef6e53f121523d3e2dc2573a340dc0189e648b03157097f65465b3a0c06da1f18d7e8a
  languageName: node
  linkType: hard

"spdx-expression-parse@npm:^3.0.0":
  version: 3.0.1
  resolution: "spdx-expression-parse@npm:3.0.1"
  dependencies:
    spdx-exceptions: "npm:^2.1.0"
    spdx-license-ids: "npm:^3.0.0"
  checksum: 6f8a41c87759fa184a58713b86c6a8b028250f158159f1d03ed9d1b6ee4d9eefdc74181c8ddc581a341aa971c3e7b79e30b59c23b05d2436d5de1c30bdef7171
  languageName: node
  linkType: hard

"spdx-expression-validate@npm:^2.0.0":
  version: 2.0.0
  resolution: "spdx-expression-validate@npm:2.0.0"
  dependencies:
    spdx-expression-parse: "npm:^3.0.0"
  checksum: fd1e8555e034be72c3a52bd306d04e6035e5d257bea6d39a77d391d236700d32a4647bd1391fc1eaa50c22a67aba6d1004a7569af02e499c8a3afda0bcdb6144
  languageName: node
  linkType: hard

"spdx-license-ids@npm:^3.0.0":
  version: 3.0.10
  resolution: "spdx-license-ids@npm:3.0.10"
  checksum: 18993d1594c5e29f5ad9beabfd33ed9e38eeca8c2a4649a382207e1835a2526aeb624a3d22afa5aff270264d7604f80ba1877af2a667d785a846ff94bcf9da3b
  languageName: node
  linkType: hard

"strip-final-newline@npm:^2.0.0":
  version: 2.0.0
  resolution: "strip-final-newline@npm:2.0.0"
  checksum: bddf8ccd47acd85c0e09ad7375409d81653f645fda13227a9d459642277c253d877b68f2e5e4d819fe75733b0e626bac7e954c04f3236f6d196f79c94fa4a96f
  languageName: node
  linkType: hard

"supports-color@npm:^7.1.0":
  version: 7.2.0
  resolution: "supports-color@npm:7.2.0"
  dependencies:
    has-flag: "npm:^4.0.0"
  checksum: afb4c88521b8b136b5f5f95160c98dee7243dc79d5432db7efc27efb219385bbc7d9427398e43dd6cc730a0f87d5085ce1652af7efbe391327bc0a7d0f7fc124
  languageName: node
  linkType: hard

"supports-color@npm:^8.0.0":
  version: 8.1.1
  resolution: "supports-color@npm:8.1.1"
  dependencies:
    has-flag: "npm:^4.0.0"
  checksum: ea1d3c275dd604c974670f63943ed9bd83623edc102430c05adb8efc56ba492746b6e95386e7831b872ec3807fd89dd8eb43f735195f37b5ec343e4234cc7e89
  languageName: node
  linkType: hard

"tapable@npm:^2.1.1, tapable@npm:^2.2.0":
  version: 2.2.0
  resolution: "tapable@npm:2.2.0"
  checksum: 3d404f474bbea65fe9ea2d00d48b332bc9ed7e841b683fa9d202edef5f2a18028e3ef5a65b96b164ef1b29ce16d5e4b1a5c165b3fa20ae80183c351892cea974
  languageName: node
  linkType: hard

"terser-webpack-plugin@npm:^5.1.3":
  version: 5.1.4
  resolution: "terser-webpack-plugin@npm:5.1.4"
  dependencies:
    jest-worker: "npm:^27.0.2"
    p-limit: "npm:^3.1.0"
    schema-utils: "npm:^3.0.0"
    serialize-javascript: "npm:^6.0.0"
    source-map: "npm:^0.6.1"
    terser: "npm:^5.7.0"
  peerDependencies:
    webpack: ^5.1.0
  checksum: b1d414dac6c6edb3accf4aa14775e13d84ebca954c1daa5ed9c36435bf8649d6b8de265d26e163baa20137961dafb1d5285b97c446e46ac20b17a6db50fe4a40
  languageName: node
  linkType: hard

"terser@npm:^5.7.0":
  version: 5.7.2
  resolution: "terser@npm:5.7.2"
  dependencies:
    commander: "npm:^2.20.0"
    source-map: "npm:~0.7.2"
    source-map-support: "npm:~0.5.19"
  bin:
    terser: bin/terser
  checksum: 074794952b7389a1bb482dc143071ca518a2f3cbfcafbc97e2209b55228a4413fb96bd68b3975df7dfb79a8eaaf93fca10ab4d78768f956c4a50eefce6425cd9
  languageName: node
  linkType: hard

"three@npm:^0.156.1":
  version: 0.156.1
  resolution: "three@npm:0.156.1"
  checksum: e1f8c5e1a1f4c9b431279c3b9875cbd64b2456c2031116543583320192873042d18e7c1255edb9f9b167796ae338e08e9185cfdd29c3fc721e37bb35cfd6b118
  languageName: node
  linkType: hard

"three@npm:~0.157.0":
  version: 0.157.0
  resolution: "three@npm:0.157.0"
  checksum: 99fda688a57d25b0502680cd8ea45a0ff98330c1975c7d954321764698f168ae6d2a4dae185e41f46c351388f2b6c5cfef3750e5599c96c6dde5e6eeacd96ebc
  languageName: node
  linkType: hard

"uri-js@npm:^4.2.2":
  version: 4.4.1
  resolution: "uri-js@npm:4.4.1"
  dependencies:
    punycode: "npm:^2.1.0"
  checksum: 4ef57b45aa820d7ac6496e9208559986c665e49447cb072744c13b66925a362d96dd5a46c4530a6b8e203e5db5fe849369444440cb22ecfc26c679359e5dfa3c
  languageName: node
  linkType: hard

"v8-compile-cache@npm:^2.2.0":
  version: 2.3.0
  resolution: "v8-compile-cache@npm:2.3.0"
  checksum: b2d866febf943fbbf0b5e8d43ae9a9b0dacd11dd76e6a9c8e8032268f0136f081e894a2723774ae2d86befa994be4d4046b0717d82df4f3a10e067994ad5c688
  languageName: node
  linkType: hard

"watchpack@npm:^2.2.0":
  version: 2.2.0
  resolution: "watchpack@npm:2.2.0"
  dependencies:
    glob-to-regexp: "npm:^0.4.1"
    graceful-fs: "npm:^4.1.2"
  checksum: 4ea76d262f5f3110fdcb71a26c2ca0be39e7e7b566d30215f6a8f5a59501e2143a35bb075526848177aac29d04952f27272724e9342adbd4751e609ad4768124
  languageName: node
  linkType: hard

"webpack-cli@npm:^4.7.2":
  version: 4.8.0
  resolution: "webpack-cli@npm:4.8.0"
  dependencies:
    "@discoveryjs/json-ext": "npm:^0.5.0"
    "@webpack-cli/configtest": "npm:^1.0.4"
    "@webpack-cli/info": "npm:^1.3.0"
    "@webpack-cli/serve": "npm:^1.5.2"
    colorette: "npm:^1.2.1"
    commander: "npm:^7.0.0"
    execa: "npm:^5.0.0"
    fastest-levenshtein: "npm:^1.0.12"
    import-local: "npm:^3.0.2"
    interpret: "npm:^2.2.0"
    rechoir: "npm:^0.7.0"
    v8-compile-cache: "npm:^2.2.0"
    webpack-merge: "npm:^5.7.3"
  peerDependencies:
    webpack: 4.x.x || 5.x.x
  peerDependenciesMeta:
    "@webpack-cli/generators":
      optional: true
    "@webpack-cli/migrate":
      optional: true
    webpack-bundle-analyzer:
      optional: true
    webpack-dev-server:
      optional: true
  bin:
    webpack-cli: bin/cli.js
  checksum: 3d01ac4b48fb257c7ab26d801970b9360d1bf72facbb07d580a74ea8772dc21b6de82c91c28f34263635b4180d924d1884c7cd96d6ce46d7c146e59794a42329
  languageName: node
  linkType: hard

"webpack-license-plugin@npm:^4.2.0":
  version: 4.2.0
  resolution: "webpack-license-plugin@npm:4.2.0"
  dependencies:
    chalk: "npm:^4.1.0"
    get-npm-tarball-url: "npm:^2.0.1"
    lodash: "npm:^4.17.20"
    needle: "npm:^2.2.4"
    spdx-expression-validate: "npm:^2.0.0"
    webpack-sources: "npm:^2.0.0"
  peerDependencies:
    webpack: ">=4.0.0 < 6.0.0"
  checksum: c703cf7f95d3488af9effca98916446a73bbf044f08ca67a235d375040234df199a8dbdab78e9d10956efede00bafcdab7c968eb81607da11ad413bf27fc1a92
  languageName: node
  linkType: hard

"webpack-merge@npm:^5.7.3":
  version: 5.8.0
  resolution: "webpack-merge@npm:5.8.0"
  dependencies:
    clone-deep: "npm:^4.0.1"
    wildcard: "npm:^2.0.0"
  checksum: 400eaaba69d2240d51dc7a4427dde37849a8f2fdf93731be6a8aad34d70d55bb38cb10c5001c7b339fc91f8c8547e782ecbd79eff24ad861e21e6a4c5dc959fb
  languageName: node
  linkType: hard

"webpack-sources@npm:^2.0.0":
  version: 2.3.1
  resolution: "webpack-sources@npm:2.3.1"
  dependencies:
    source-list-map: "npm:^2.0.1"
    source-map: "npm:^0.6.1"
  checksum: caf56a9a478eca7e77feca2b6ddc7673f1384eb870280014b300c40cf42abca656f639ff58a8d55a889a92a810ae3c22e71e578aa38fde416e8c2e6827a6ddfd
  languageName: node
  linkType: hard

"webpack-sources@npm:^3.2.0":
  version: 3.2.0
  resolution: "webpack-sources@npm:3.2.0"
  checksum: cfed452168749ed75db182002cb53ad92f03495913b1cf14315a6ce872cb79702c8dae36d3b332dc667ab5ff031100986bb3f687a1ddf8e2aa192180f9258320
  languageName: node
  linkType: hard

"webpack@npm:^5.47.1":
  version: 5.51.1
  resolution: "webpack@npm:5.51.1"
  dependencies:
    "@types/eslint-scope": "npm:^3.7.0"
    "@types/estree": "npm:^0.0.50"
    "@webassemblyjs/ast": "npm:1.11.1"
    "@webassemblyjs/wasm-edit": "npm:1.11.1"
    "@webassemblyjs/wasm-parser": "npm:1.11.1"
    acorn: "npm:^8.4.1"
    acorn-import-assertions: "npm:^1.7.6"
    browserslist: "npm:^4.14.5"
    chrome-trace-event: "npm:^1.0.2"
    enhanced-resolve: "npm:^5.8.0"
    es-module-lexer: "npm:^0.7.1"
    eslint-scope: "npm:5.1.1"
    events: "npm:^3.2.0"
    glob-to-regexp: "npm:^0.4.1"
    graceful-fs: "npm:^4.2.4"
    json-parse-better-errors: "npm:^1.0.2"
    loader-runner: "npm:^4.2.0"
    mime-types: "npm:^2.1.27"
    neo-async: "npm:^2.6.2"
    schema-utils: "npm:^3.1.0"
    tapable: "npm:^2.1.1"
    terser-webpack-plugin: "npm:^5.1.3"
    watchpack: "npm:^2.2.0"
    webpack-sources: "npm:^3.2.0"
  peerDependenciesMeta:
    webpack-cli:
      optional: true
  bin:
    webpack: bin/webpack.js
  checksum: 45717959b1627ca4377a08b0ae49111305b12279c391b4876323f274656b967c7ac2401722f83ce0d0b22096011273232bc9422a627c1a0cb1cca520433cf47f
  languageName: node
  linkType: hard

"which@npm:^2.0.1":
  version: 2.0.2
  resolution: "which@npm:2.0.2"
  dependencies:
    isexe: "npm:^2.0.0"
  bin:
    node-which: ./bin/node-which
  checksum: 66522872a768b60c2a65a57e8ad184e5372f5b6a9ca6d5f033d4b0dc98aff63995655a7503b9c0a2598936f532120e81dd8cc155e2e92ed662a2b9377cc4374f
  languageName: node
  linkType: hard

"wildcard@npm:^2.0.0":
  version: 2.0.0
  resolution: "wildcard@npm:2.0.0"
  checksum: 4e22a45f4fa7f0f0d3e11860ee9ce9225246d41af6ec507e6a7d64c2692afb40d695b92c8f801deda8d3536007c2ec07981079fd0c8bb38b8521de072b33ab7a
  languageName: node
  linkType: hard

"wtd-core@npm:~2.3.0":
  version: 2.3.0
  resolution: "wtd-core@npm:2.3.0"
  checksum: 0c2d930411a8f494bd4f29998dcb08e6b6572c1e43c2bccf5e54daae38529548604424ab337f2036afd7129279e5c293c85f2a22c0838ab3e4bf8ca2cdb5505b
  languageName: node
  linkType: hard

"wtd-three-ext@npm:~2.3.0":
  version: 2.3.0
  resolution: "wtd-three-ext@npm:2.3.0"
  dependencies:
    three: "npm:~0.157.0"
    wtd-core: "npm:~2.3.0"
  peerDependencies:
    three: ">= 0.137.5 < 1"
  checksum: 96c387c482fef157d521a37bcaafcb4e894d93f3173b56773cbf9801d28315b919109227b3591763b868f7c286f8ecf5fa0e80f08a10929ffbd3bd64eb675f44
  languageName: node
  linkType: hard

"wwobjloader2@npm:^6.1.0":
  version: 6.1.0
  resolution: "wwobjloader2@npm:6.1.0"
  dependencies:
    three: "npm:~0.157.0"
    wtd-core: "npm:~2.3.0"
    wtd-three-ext: "npm:~2.3.0"
  peerDependencies:
    three: ">= 0.137.5 < 1"
  checksum: 19909d877eb14f104369f3ecc977e6eb8e983362ded9f8357490300c72877989fe50e97307990998250384f5e595243f36c18269fbe548fc086f59278db96034
  languageName: node
  linkType: hard

"yocto-queue@npm:^0.1.0":
  version: 0.1.0
  resolution: "yocto-queue@npm:0.1.0"
  checksum: dceb44c28578b31641e13695d200d34ec4ab3966a5729814d5445b194933c096b7ced71494ce53a0e8820685d1d010df8b2422e5bf2cdea7e469d97ffbea306f
  languageName: node
  linkType: hard
